
Microsoft Visual Studio Solution File, Format Version 12.00
# Visual Studio 15
VisualStudioVersion = 15.0.27130.2027
MinimumVisualStudioVersion = 10.0.40219.1
Project("{FAE04EC0-301F-11D3-BF4B-00C04F79EFBC}") = "ArgsPassingSample.Android", "ArgsPassingSample\ArgsPassingSample.Android\ArgsPassingSample.Android.csproj", "{C632C7E1-D607-450F-9FF5-DBCAB4DCCA6F}"
EndProject
Project("{FAE04EC0-301F-11D3-BF4B-00C04F79EFBC}") = "ArgsPassingSample.iOS", "ArgsPassingSample\ArgsPassingSample.iOS\ArgsPassingSample.iOS.csproj", "{AFC1DEAA-C68C-49FA-AC5A-F4C378D79896}"
EndProject
Project("{FAE04EC0-301F-11D3-BF4B-00C04F79EFBC}") = "ArgsPassingSample.UWP", "ArgsPassingSample\ArgsPassingSample.UWP\ArgsPassingSample.UWP.csproj", "{9CA3B4F0-328A-4BC2-BD6D-E822E2F0B394}"
EndProject
Project("{FAE04EC0-301F-11D3-BF4B-00C04F79EFBC}") = "ArgsPassingSample", "ArgsPassingSample\ArgsPassingSample\ArgsPassingSample.csproj", "{281BAD0A-DB70-4151-BEDB-CA9B809BFA5D}"
EndProject
Global
	GlobalSection(SolutionConfigurationPlatforms) = preSolution
		Ad-Hoc|Any CPU = Ad-Hoc|Any CPU
		Ad-Hoc|ARM = Ad-Hoc|ARM
		Ad-Hoc|iPhone = Ad-Hoc|iPhone
		Ad-Hoc|iPhoneSimulator = Ad-Hoc|iPhoneSimulator
		Ad-Hoc|x64 = Ad-Hoc|x64
		Ad-Hoc|x86 = Ad-Hoc|x86
		AppStore|Any CPU = AppStore|Any CPU
		AppStore|ARM = AppStore|ARM
		AppStore|iPhone = AppStore|iPhone
		AppStore|iPhoneSimulator = AppStore|iPhoneSimulator
		AppStore|x64 = AppStore|x64
		AppStore|x86 = AppStore|x86
		Debug|Any CPU = Debug|Any CPU
		Debug|ARM = Debug|ARM
		Debug|iPhone = Debug|iPhone
		Debug|iPhoneSimulator = Debug|iPhoneSimulator
		Debug|x64 = Debug|x64
		Debug|x86 = Debug|x86
		Release|Any CPU = Release|Any CPU
		Release|ARM = Release|ARM
		Release|iPhone = Release|iPhone
		Release|iPhoneSimulator = Release|iPhoneSimulator
		Release|x64 = Release|x64
		Release|x86 = Release|x86
	EndGlobalSection
	GlobalSection(ProjectConfigurationPlatforms) = postSolution
		{C632C7E1-D607-450F-9FF5-DBCAB4DCCA6F}.Ad-Hoc|Any CPU.ActiveCfg = Release|Any CPU
		{C632C7E1-D607-450F-9FF5-DBCAB4DCCA6F}.Ad-Hoc|Any CPU.Build.0 = Release|Any CPU
		{C632C7E1-D607-450F-9FF5-DBCAB4DCCA6F}.Ad-Hoc|Any CPU.Deploy.0 = Release|Any CPU
		{C632C7E1-D607-450F-9FF5-DBCAB4DCCA6F}.Ad-Hoc|ARM.ActiveCfg = Release|Any CPU
		{C632C7E1-D607-450F-9FF5-DBCAB4DCCA6F}.Ad-Hoc|ARM.Build.0 = Release|Any CPU
		{C632C7E1-D607-450F-9FF5-DBCAB4DCCA6F}.Ad-Hoc|ARM.Deploy.0 = Release|Any CPU
		{C632C7E1-D607-450F-9FF5-DBCAB4DCCA6F}.Ad-Hoc|iPhone.ActiveCfg = Release|Any CPU
		{C632C7E1-D607-450F-9FF5-DBCAB4DCCA6F}.Ad-Hoc|iPhone.Build.0 = Release|Any CPU
		{C632C7E1-D607-450F-9FF5-DBCAB4DCCA6F}.Ad-Hoc|iPhone.Deploy.0 = Release|Any CPU
		{C632C7E1-D607-450F-9FF5-DBCAB4DCCA6F}.Ad-Hoc|iPhoneSimulator.ActiveCfg = Release|Any CPU
		{C632C7E1-D607-450F-9FF5-DBCAB4DCCA6F}.Ad-Hoc|iPhoneSimulator.Build.0 = Release|Any CPU
		{C632C7E1-D607-450F-9FF5-DBCAB4DCCA6F}.Ad-Hoc|iPhoneSimulator.Deploy.0 = Release|Any CPU
		{C632C7E1-D607-450F-9FF5-DBCAB4DCCA6F}.Ad-Hoc|x64.ActiveCfg = Release|Any CPU
		{C632C7E1-D607-450F-9FF5-DBCAB4DCCA6F}.Ad-Hoc|x64.Build.0 = Release|Any CPU
		{C632C7E1-D607-450F-9FF5-DBCAB4DCCA6F}.Ad-Hoc|x64.Deploy.0 = Release|Any CPU
		{C632C7E1-D607-450F-9FF5-DBCAB4DCCA6F}.Ad-Hoc|x86.ActiveCfg = Release|Any CPU
		{C632C7E1-D607-450F-9FF5-DBCAB4DCCA6F}.Ad-Hoc|x86.Build.0 = Release|Any CPU
		{C632C7E1-D607-450F-9FF5-DBCAB4DCCA6F}.Ad-Hoc|x86.Deploy.0 = Release|Any CPU
		{C632C7E1-D607-450F-9FF5-DBCAB4DCCA6F}.AppStore|Any CPU.ActiveCfg = Release|Any CPU
		{C632C7E1-D607-450F-9FF5-DBCAB4DCCA6F}.AppStore|Any CPU.Build.0 = Release|Any CPU
		{C632C7E1-D607-450F-9FF5-DBCAB4DCCA6F}.AppStore|Any CPU.Deploy.0 = Release|Any CPU
		{C632C7E1-D607-450F-9FF5-DBCAB4DCCA6F}.AppStore|ARM.ActiveCfg = Release|Any CPU
		{C632C7E1-D607-450F-9FF5-DBCAB4DCCA6F}.AppStore|ARM.Build.0 = Release|Any CPU
		{C632C7E1-D607-450F-9FF5-DBCAB4DCCA6F}.AppStore|ARM.Deploy.0 = Release|Any CPU
		{C632C7E1-D607-450F-9FF5-DBCAB4DCCA6F}.AppStore|iPhone.ActiveCfg = Release|Any CPU
		{C632C7E1-D607-450F-9FF5-DBCAB4DCCA6F}.AppStore|iPhone.Build.0 = Release|Any CPU
		{C632C7E1-D607-450F-9FF5-DBCAB4DCCA6F}.AppStore|iPhone.Deploy.0 = Release|Any CPU
		{C632C7E1-D607-450F-9FF5-DBCAB4DCCA6F}.AppStore|iPhoneSimulator.ActiveCfg = Release|Any CPU
		{C632C7E1-D607-450F-9FF5-DBCAB4DCCA6F}.AppStore|iPhoneSimulator.Build.0 = Release|Any CPU
		{C632C7E1-D607-450F-9FF5-DBCAB4DCCA6F}.AppStore|iPhoneSimulator.Deploy.0 = Release|Any CPU
		{C632C7E1-D607-450F-9FF5-DBCAB4DCCA6F}.AppStore|x64.ActiveCfg = Release|Any CPU
		{C632C7E1-D607-450F-9FF5-DBCAB4DCCA6F}.AppStore|x64.Build.0 = Release|Any CPU
		{C632C7E1-D607-450F-9FF5-DBCAB4DCCA6F}.AppStore|x64.Deploy.0 = Release|Any CPU
		{C632C7E1-D607-450F-9FF5-DBCAB4DCCA6F}.AppStore|x86.ActiveCfg = Release|Any CPU
		{C632C7E1-D607-450F-9FF5-DBCAB4DCCA6F}.AppStore|x86.Build.0 = Release|Any CPU
		{C632C7E1-D607-450F-9FF5-DBCAB4DCCA6F}.AppStore|x86.Deploy.0 = Release|Any CPU
		{C632C7E1-D607-450F-9FF5-DBCAB4DCCA6F}.Debug|Any CPU.ActiveCfg = Debug|Any CPU
		{C632C7E1-D607-450F-9FF5-DBCAB4DCCA6F}.Debug|Any CPU.Build.0 = Debug|Any CPU
		{C632C7E1-D607-450F-9FF5-DBCAB4DCCA6F}.Debug|Any CPU.Deploy.0 = Debug|Any CPU
		{C632C7E1-D607-450F-9FF5-DBCAB4DCCA6F}.Debug|ARM.ActiveCfg = Debug|Any CPU
		{C632C7E1-D607-450F-9FF5-DBCAB4DCCA6F}.Debug|ARM.Build.0 = Debug|Any CPU
		{C632C7E1-D607-450F-9FF5-DBCAB4DCCA6F}.Debug|ARM.Deploy.0 = Debug|Any CPU
		{C632C7E1-D607-450F-9FF5-DBCAB4DCCA6F}.Debug|iPhone.ActiveCfg = Debug|Any CPU
		{C632C7E1-D607-450F-9FF5-DBCAB4DCCA6F}.Debug|iPhone.Build.0 = Debug|Any CPU
		{C632C7E1-D607-450F-9FF5-DBCAB4DCCA6F}.Debug|iPhone.Deploy.0 = Debug|Any CPU
		{C632C7E1-D607-450F-9FF5-DBCAB4DCCA6F}.Debug|iPhoneSimulator.ActiveCfg = Debug|Any CPU
		{C632C7E1-D607-450F-9FF5-DBCAB4DCCA6F}.Debug|iPhoneSimulator.Build.0 = Debug|Any CPU
		{C632C7E1-D607-450F-9FF5-DBCAB4DCCA6F}.Debug|iPhoneSimulator.Deploy.0 = Debug|Any CPU
		{C632C7E1-D607-450F-9FF5-DBCAB4DCCA6F}.Debug|x64.ActiveCfg = Debug|Any CPU
		{C632C7E1-D607-450F-9FF5-DBCAB4DCCA6F}.Debug|x64.Build.0 = Debug|Any CPU
		{C632C7E1-D607-450F-9FF5-DBCAB4DCCA6F}.Debug|x64.Deploy.0 = Debug|Any CPU
		{C632C7E1-D607-450F-9FF5-DBCAB4DCCA6F}.Debug|x86.ActiveCfg = Debug|Any CPU
		{C632C7E1-D607-450F-9FF5-DBCAB4DCCA6F}.Debug|x86.Build.0 = Debug|Any CPU
		{C632C7E1-D607-450F-9FF5-DBCAB4DCCA6F}.Debug|x86.Deploy.0 = Debug|Any CPU
		{C632C7E1-D607-450F-9FF5-DBCAB4DCCA6F}.Release|Any CPU.ActiveCfg = Release|Any CPU
		{C632C7E1-D607-450F-9FF5-DBCAB4DCCA6F}.Release|Any CPU.Build.0 = Release|Any CPU
		{C632C7E1-D607-450F-9FF5-DBCAB4DCCA6F}.Release|Any CPU.Deploy.0 = Release|Any CPU
		{C632C7E1-D607-450F-9FF5-DBCAB4DCCA6F}.Release|ARM.ActiveCfg = Release|Any CPU
		{C632C7E1-D607-450F-9FF5-DBCAB4DCCA6F}.Release|ARM.Build.0 = Release|Any CPU
		{C632C7E1-D607-450F-9FF5-DBCAB4DCCA6F}.Release|ARM.Deploy.0 = Release|Any CPU
		{C632C7E1-D607-450F-9FF5-DBCAB4DCCA6F}.Release|iPhone.ActiveCfg = Release|Any CPU
		{C632C7E1-D607-450F-9FF5-DBCAB4DCCA6F}.Release|iPhone.Build.0 = Release|Any CPU
		{C632C7E1-D607-450F-9FF5-DBCAB4DCCA6F}.Release|iPhone.Deploy.0 = Release|Any CPU
		{C632C7E1-D607-450F-9FF5-DBCAB4DCCA6F}.Release|iPhoneSimulator.ActiveCfg = Release|Any CPU
		{C632C7E1-D607-450F-9FF5-DBCAB4DCCA6F}.Release|iPhoneSimulator.Build.0 = Release|Any CPU
		{C632C7E1-D607-450F-9FF5-DBCAB4DCCA6F}.Release|iPhoneSimulator.Deploy.0 = Release|Any CPU
		{C632C7E1-D607-450F-9FF5-DBCAB4DCCA6F}.Release|x64.ActiveCfg = Release|Any CPU
		{C632C7E1-D607-450F-9FF5-DBCAB4DCCA6F}.Release|x64.Build.0 = Release|Any CPU
		{C632C7E1-D607-450F-9FF5-DBCAB4DCCA6F}.Release|x64.Deploy.0 = Release|Any CPU
		{C632C7E1-D607-450F-9FF5-DBCAB4DCCA6F}.Release|x86.ActiveCfg = Release|Any CPU
		{C632C7E1-D607-450F-9FF5-DBCAB4DCCA6F}.Release|x86.Build.0 = Release|Any CPU
		{C632C7E1-D607-450F-9FF5-DBCAB4DCCA6F}.Release|x86.Deploy.0 = Release|Any CPU
		{AFC1DEAA-C68C-49FA-AC5A-F4C378D79896}.Ad-Hoc|Any CPU.ActiveCfg = Ad-Hoc|iPhone
		{AFC1DEAA-C68C-49FA-AC5A-F4C378D79896}.Ad-Hoc|ARM.ActiveCfg = Ad-Hoc|iPhone
		{AFC1DEAA-C68C-49FA-AC5A-F4C378D79896}.Ad-Hoc|iPhone.ActiveCfg = Ad-Hoc|iPhone
		{AFC1DEAA-C68C-49FA-AC5A-F4C378D79896}.Ad-Hoc|iPhone.Build.0 = Ad-Hoc|iPhone
		{AFC1DEAA-C68C-49FA-AC5A-F4C378D79896}.Ad-Hoc|iPhoneSimulator.ActiveCfg = Ad-Hoc|iPhoneSimulator
		{AFC1DEAA-C68C-49FA-AC5A-F4C378D79896}.Ad-Hoc|iPhoneSimulator.Build.0 = Ad-Hoc|iPhoneSimulator
		{AFC1DEAA-C68C-49FA-AC5A-F4C378D79896}.Ad-Hoc|x64.ActiveCfg = Ad-Hoc|iPhone
		{AFC1DEAA-C68C-49FA-AC5A-F4C378D79896}.Ad-Hoc|x86.ActiveCfg = Ad-Hoc|iPhone
		{AFC1DEAA-C68C-49FA-AC5A-F4C378D79896}.AppStore|Any CPU.ActiveCfg = AppStore|iPhone
		{AFC1DEAA-C68C-49FA-AC5A-F4C378D79896}.AppStore|ARM.ActiveCfg = AppStore|iPhone
		{AFC1DEAA-C68C-49FA-AC5A-F4C378D79896}.AppStore|iPhone.ActiveCfg = AppStore|iPhone
		{AFC1DEAA-C68C-49FA-AC5A-F4C378D79896}.AppStore|iPhone.Build.0 = AppStore|iPhone
		{AFC1DEAA-C68C-49FA-AC5A-F4C378D79896}.AppStore|iPhoneSimulator.ActiveCfg = AppStore|iPhoneSimulator
		{AFC1DEAA-C68C-49FA-AC5A-F4C378D79896}.AppStore|iPhoneSimulator.Build.0 = AppStore|iPhoneSimulator
		{AFC1DEAA-C68C-49FA-AC5A-F4C378D79896}.AppStore|x64.ActiveCfg = AppStore|iPhone
		{AFC1DEAA-C68C-49FA-AC5A-F4C378D79896}.AppStore|x86.ActiveCfg = AppStore|iPhone
		{AFC1DEAA-C68C-49FA-AC5A-F4C378D79896}.Debug|Any CPU.ActiveCfg = Debug|iPhone
		{AFC1DEAA-C68C-49FA-AC5A-F4C378D79896}.Debug|ARM.ActiveCfg = Debug|iPhone
		{AFC1DEAA-C68C-49FA-AC5A-F4C378D79896}.Debug|iPhone.ActiveCfg = Debug|iPhone
		{AFC1DEAA-C68C-49FA-AC5A-F4C378D79896}.Debug|iPhone.Build.0 = Debug|iPhone
		{AFC1DEAA-C68C-49FA-AC5A-F4C378D79896}.Debug|iPhoneSimulator.ActiveCfg = Debug|iPhoneSimulator
		{AFC1DEAA-C68C-49FA-AC5A-F4C378D79896}.Debug|iPhoneSimulator.Build.0 = Debug|iPhoneSimulator
		{AFC1DEAA-C68C-49FA-AC5A-F4C378D79896}.Debug|x64.ActiveCfg = Debug|iPhone
		{AFC1DEAA-C68C-49FA-AC5A-F4C378D79896}.Debug|x86.ActiveCfg = Debug|iPhone
		{AFC1DEAA-C68C-49FA-AC5A-F4C378D79896}.Release|Any CPU.ActiveCfg = Release|iPhone
		{AFC1DEAA-C68C-49FA-AC5A-F4C378D79896}.Release|ARM.ActiveCfg = Release|iPhone
		{AFC1DEAA-C68C-49FA-AC5A-F4C378D79896}.Release|iPhone.ActiveCfg = Release|iPhone
		{AFC1DEAA-C68C-49FA-AC5A-F4C378D79896}.Release|iPhone.Build.0 = Release|iPhone
		{AFC1DEAA-C68C-49FA-AC5A-F4C378D79896}.Release|iPhoneSimulator.ActiveCfg = Release|iPhoneSimulator
		{AFC1DEAA-C68C-49FA-AC5A-F4C378D79896}.Release|iPhoneSimulator.Build.0 = Release|iPhoneSimulator
		{AFC1DEAA-C68C-49FA-AC5A-F4C378D79896}.Release|x64.ActiveCfg = Release|iPhone
		{AFC1DEAA-C68C-49FA-AC5A-F4C378D79896}.Release|x86.ActiveCfg = Release|iPhone
		{9CA3B4F0-328A-4BC2-BD6D-E822E2F0B394}.Ad-Hoc|Any CPU.ActiveCfg = Release|x86
		{9CA3B4F0-328A-4BC2-BD6D-E822E2F0B394}.Ad-Hoc|Any CPU.Build.0 = Release|x86
		{9CA3B4F0-328A-4BC2-BD6D-E822E2F0B394}.Ad-Hoc|Any CPU.Deploy.0 = Release|x86
		{9CA3B4F0-328A-4BC2-BD6D-E822E2F0B394}.Ad-Hoc|ARM.ActiveCfg = Release|ARM
		{9CA3B4F0-328A-4BC2-BD6D-E822E2F0B394}.Ad-Hoc|ARM.Build.0 = Release|ARM
		{9CA3B4F0-328A-4BC2-BD6D-E822E2F0B394}.Ad-Hoc|ARM.Deploy.0 = Release|ARM
		{9CA3B4F0-328A-4BC2-BD6D-E822E2F0B394}.Ad-Hoc|iPhone.ActiveCfg = Release|x86
		{9CA3B4F0-328A-4BC2-BD6D-E822E2F0B394}.Ad-Hoc|iPhone.Build.0 = Release|x86
		{9CA3B4F0-328A-4BC2-BD6D-E822E2F0B394}.Ad-Hoc|iPhone.Deploy.0 = Release|x86
		{9CA3B4F0-328A-4BC2-BD6D-E822E2F0B394}.Ad-Hoc|iPhoneSimulator.ActiveCfg = Release|x86
		{9CA3B4F0-328A-4BC2-BD6D-E822E2F0B394}.Ad-Hoc|iPhoneSimulator.Build.0 = Release|x86
		{9CA3B4F0-328A-4BC2-BD6D-E822E2F0B394}.Ad-Hoc|iPhoneSimulator.Deploy.0 = Release|x86
		{9CA3B4F0-328A-4BC2-BD6D-E822E2F0B394}.Ad-Hoc|x64.ActiveCfg = Release|x64
		{9CA3B4F0-328A-4BC2-BD6D-E822E2F0B394}.Ad-Hoc|x64.Build.0 = Release|x64
		{9CA3B4F0-328A-4BC2-BD6D-E822E2F0B394}.Ad-Hoc|x64.Deploy.0 = Release|x64
		{9CA3B4F0-328A-4BC2-BD6D-E822E2F0B394}.Ad-Hoc|x86.ActiveCfg = Release|x86
		{9CA3B4F0-328A-4BC2-BD6D-E822E2F0B394}.Ad-Hoc|x86.Build.0 = Release|x86
		{9CA3B4F0-328A-4BC2-BD6D-E822E2F0B394}.Ad-Hoc|x86.Deploy.0 = Release|x86
		{9CA3B4F0-328A-4BC2-BD6D-E822E2F0B394}.AppStore|Any CPU.ActiveCfg = Release|x86
		{9CA3B4F0-328A-4BC2-BD6D-E822E2F0B394}.AppStore|Any CPU.Build.0 = Release|x86
		{9CA3B4F0-328A-4BC2-BD6D-E822E2F0B394}.AppStore|Any CPU.Deploy.0 = Release|x86
		{9CA3B4F0-328A-4BC2-BD6D-E822E2F0B394}.AppStore|ARM.ActiveCfg = Release|ARM
		{9CA3B4F0-328A-4BC2-BD6D-E822E2F0B394}.AppStore|ARM.Build.0 = Release|ARM
		{9CA3B4F0-328A-4BC2-BD6D-E822E2F0B394}.AppStore|ARM.Deploy.0 = Release|ARM
		{9CA3B4F0-328A-4BC2-BD6D-E822E2F0B394}.AppStore|iPhone.ActiveCfg = Release|x86
		{9CA3B4F0-328A-4BC2-BD6D-E822E2F0B394}.AppStore|iPhone.Build.0 = Release|x86
		{9CA3B4F0-328A-4BC2-BD6D-E822E2F0B394}.AppStore|iPhone.Deploy.0 = Release|x86
		{9CA3B4F0-328A-4BC2-BD6D-E822E2F0B394}.AppStore|iPhoneSimulator.ActiveCfg = Release|x86
		{9CA3B4F0-328A-4BC2-BD6D-E822E2F0B394}.AppStore|iPhoneSimulator.Build.0 = Release|x86
		{9CA3B4F0-328A-4BC2-BD6D-E822E2F0B394}.AppStore|iPhoneSimulator.Deploy.0 = Release|x86
		{9CA3B4F0-328A-4BC2-BD6D-E822E2F0B394}.AppStore|x64.ActiveCfg = Release|x64
		{9CA3B4F0-328A-4BC2-BD6D-E822E2F0B394}.AppStore|x64.Build.0 = Release|x64
		{9CA3B4F0-328A-4BC2-BD6D-E822E2F0B394}.AppStore|x64.Deploy.0 = Release|x64
		{9CA3B4F0-328A-4BC2-BD6D-E822E2F0B394}.AppStore|x86.ActiveCfg = Release|x86
		{9CA3B4F0-328A-4BC2-BD6D-E822E2F0B394}.AppStore|x86.Build.0 = Release|x86
		{9CA3B4F0-328A-4BC2-BD6D-E822E2F0B394}.AppStore|x86.Deploy.0 = Release|x86
		{9CA3B4F0-328A-4BC2-BD6D-E822E2F0B394}.Debug|Any CPU.ActiveCfg = Debug|x86
		{9CA3B4F0-328A-4BC2-BD6D-E822E2F0B394}.Debug|ARM.ActiveCfg = Debug|ARM
		{9CA3B4F0-328A-4BC2-BD6D-E822E2F0B394}.Debug|ARM.Build.0 = Debug|ARM
		{9CA3B4F0-328A-4BC2-BD6D-E822E2F0B394}.Debug|ARM.Deploy.0 = Debug|ARM
		{9CA3B4F0-328A-4BC2-BD6D-E822E2F0B394}.Debug|iPhone.ActiveCfg = Debug|x86
		{9CA3B4F0-328A-4BC2-BD6D-E822E2F0B394}.Debug|iPhoneSimulator.ActiveCfg = Debug|x86
		{9CA3B4F0-328A-4BC2-BD6D-E822E2F0B394}.Debug|x64.ActiveCfg = Debug|x64
		{9CA3B4F0-328A-4BC2-BD6D-E822E2F0B394}.Debug|x64.Build.0 = Debug|x64
		{9CA3B4F0-328A-4BC2-BD6D-E822E2F0B394}.Debug|x64.Deploy.0 = Debug|x64
		{9CA3B4F0-328A-4BC2-BD6D-E822E2F0B394}.Debug|x86.ActiveCfg = Debug|x86
		{9CA3B4F0-328A-4BC2-BD6D-E822E2F0B394}.Debug|x86.Build.0 = Debug|x86
		{9CA3B4F0-328A-4BC2-BD6D-E822E2F0B394}.Debug|x86.Deploy.0 = Debug|x86
		{9CA3B4F0-328A-4BC2-BD6D-E822E2F0B394}.Release|Any CPU.ActiveCfg = Release|x86
		{9CA3B4F0-328A-4BC2-BD6D-E822E2F0B394}.Release|ARM.ActiveCfg = Release|ARM
		{9CA3B4F0-328A-4BC2-BD6D-E822E2F0B394}.Release|ARM.Build.0 = Release|ARM
		{9CA3B4F0-328A-4BC2-BD6D-E822E2F0B394}.Release|ARM.Deploy.0 = Release|ARM
		{9CA3B4F0-328A-4BC2-BD6D-E822E2F0B394}.Release|iPhone.ActiveCfg = Release|x86
		{9CA3B4F0-328A-4BC2-BD6D-E822E2F0B394}.Release|iPhoneSimulator.ActiveCfg = Release|x86
		{9CA3B4F0-328A-4BC2-BD6D-E822E2F0B394}.Release|x64.ActiveCfg = Release|x64
		{9CA3B4F0-328A-4BC2-BD6D-E822E2F0B394}.Release|x64.Build.0 = Release|x64
		{9CA3B4F0-328A-4BC2-BD6D-E822E2F0B394}.Release|x64.Deploy.0 = Release|x64
		{9CA3B4F0-328A-4BC2-BD6D-E822E2F0B394}.Release|x86.ActiveCfg = Release|x86
		{9CA3B4F0-328A-4BC2-BD6D-E822E2F0B394}.Release|x86.Build.0 = Release|x86
		{9CA3B4F0-328A-4BC2-BD6D-E822E2F0B394}.Release|x86.Deploy.0 = Release|x86
		{281BAD0A-DB70-4151-BEDB-CA9B809BFA5D}.Ad-Hoc|Any CPU.ActiveCfg = Debug|Any CPU
		{281BAD0A-DB70-4151-BEDB-CA9B809BFA5D}.Ad-Hoc|Any CPU.Build.0 = Debug|Any CPU
		{281BAD0A-DB70-4151-BEDB-CA9B809BFA5D}.Ad-Hoc|ARM.ActiveCfg = Debug|Any CPU
		{281BAD0A-DB70-4151-BEDB-CA9B809BFA5D}.Ad-Hoc|ARM.Build.0 = Debug|Any CPU
		{281BAD0A-DB70-4151-BEDB-CA9B809BFA5D}.Ad-Hoc|iPhone.ActiveCfg = Debug|Any CPU
		{281BAD0A-DB70-4151-BEDB-CA9B809BFA5D}.Ad-Hoc|iPhone.Build.0 = Debug|Any CPU
		{281BAD0A-DB70-4151-BEDB-CA9B809BFA5D}.Ad-Hoc|iPhoneSimulator.ActiveCfg = Debug|Any CPU
		{281BAD0A-DB70-4151-BEDB-CA9B809BFA5D}.Ad-Hoc|iPhoneSimulator.Build.0 = Debug|Any CPU
		{281BAD0A-DB70-4151-BEDB-CA9B809BFA5D}.Ad-Hoc|x64.ActiveCfg = Debug|Any CPU
		{281BAD0A-DB70-4151-BEDB-CA9B809BFA5D}.Ad-Hoc|x64.Build.0 = Debug|Any CPU
		{281BAD0A-DB70-4151-BEDB-CA9B809BFA5D}.Ad-Hoc|x86.ActiveCfg = Debug|Any CPU
		{281BAD0A-DB70-4151-BEDB-CA9B809BFA5D}.Ad-Hoc|x86.Build.0 = Debug|Any CPU
		{281BAD0A-DB70-4151-BEDB-CA9B809BFA5D}.AppStore|Any CPU.ActiveCfg = Debug|Any CPU
		{281BAD0A-DB70-4151-BEDB-CA9B809BFA5D}.AppStore|Any CPU.Build.0 = Debug|Any CPU
		{281BAD0A-DB70-4151-BEDB-CA9B809BFA5D}.AppStore|ARM.ActiveCfg = Debug|Any CPU
		{281BAD0A-DB70-4151-BEDB-CA9B809BFA5D}.AppStore|ARM.Build.0 = Debug|Any CPU
		{281BAD0A-DB70-4151-BEDB-CA9B809BFA5D}.AppStore|iPhone.ActiveCfg = Debug|Any CPU
		{281BAD0A-DB70-4151-BEDB-CA9B809BFA5D}.AppStore|iPhone.Build.0 = Debug|Any CPU
		{281BAD0A-DB70-4151-BEDB-CA9B809BFA5D}.AppStore|iPhoneSimulator.ActiveCfg = Debug|Any CPU
		{281BAD0A-DB70-4151-BEDB-CA9B809BFA5D}.AppStore|iPhoneSimulator.Build.0 = Debug|Any CPU
		{281BAD0A-DB70-4151-BEDB-CA9B809BFA5D}.AppStore|x64.ActiveCfg = Debug|Any CPU
		{281BAD0A-DB70-4151-BEDB-CA9B809BFA5D}.AppStore|x64.Build.0 = Debug|Any CPU
		{281BAD0A-DB70-4151-BEDB-CA9B809BFA5D}.AppStore|x86.ActiveCfg = Debug|Any CPU
		{281BAD0A-DB70-4151-BEDB-CA9B809BFA5D}.AppStore|x86.Build.0 = Debug|Any CPU
		{281BAD0A-DB70-4151-BEDB-CA9B809BFA5D}.Debug|Any CPU.ActiveCfg = Debug|Any CPU
		{281BAD0A-DB70-4151-BEDB-CA9B809BFA5D}.Debug|Any CPU.Build.0 = Debug|Any CPU
		{281BAD0A-DB70-4151-BEDB-CA9B809BFA5D}.Debug|ARM.ActiveCfg = Debug|Any CPU
		{281BAD0A-DB70-4151-BEDB-CA9B809BFA5D}.Debug|ARM.Build.0 = Debug|Any CPU
		{281BAD0A-DB70-4151-BEDB-CA9B809BFA5D}.Debug|iPhone.ActiveCfg = Debug|Any CPU
		{281BAD0A-DB70-4151-BEDB-CA9B809BFA5D}.Debug|iPhone.Build.0 = Debug|Any CPU
		{281BAD0A-DB70-4151-BEDB-CA9B809BFA5D}.Debug|iPhoneSimulator.ActiveCfg = Debug|Any CPU
		{281BAD0A-DB70-4151-BEDB-CA9B809BFA5D}.Debug|iPhoneSimulator.Build.0 = Debug|Any CPU
		{281BAD0A-DB70-4151-BEDB-CA9B809BFA5D}.Debug|x64.ActiveCfg = Debug|Any CPU
		{281BAD0A-DB70-4151-BEDB-CA9B809BFA5D}.Debug|x64.Build.0 = Debug|Any CPU
		{281BAD0A-DB70-4151-BEDB-CA9B809BFA5D}.Debug|x86.ActiveCfg = Debug|Any CPU
		{281BAD0A-DB70-4151-BEDB-CA9B809BFA5D}.Debug|x86.Build.0 = Debug|Any CPU
		{281BAD0A-DB70-4151-BEDB-CA9B809BFA5D}.Release|Any CPU.ActiveCfg = Release|Any CPU
		{281BAD0A-DB70-4151-BEDB-CA9B809BFA5D}.Release|Any CPU.Build.0 = Release|Any CPU
		{281BAD0A-DB70-4151-BEDB-CA9B809BFA5D}.Release|ARM.ActiveCfg = Release|Any CPU
		{281BAD0A-DB70-4151-BEDB-CA9B809BFA5D}.Release|ARM.Build.0 = Release|Any CPU
		{281BAD0A-DB70-4151-BEDB-CA9B809BFA5D}.Release|iPhone.ActiveCfg = Release|Any CPU
		{281BAD0A-DB70-4151-BEDB-CA9B809BFA5D}.Release|iPhone.Build.0 = Release|Any CPU
		{281BAD0A-DB70-4151-BEDB-CA9B809BFA5D}.Release|iPhoneSimulator.ActiveCfg = Release|Any CPU
		{281BAD0A-DB70-4151-BEDB-CA9B809BFA5D}.Release|iPhoneSimulator.Build.0 = Release|Any CPU
		{281BAD0A-DB70-4151-BEDB-CA9B809BFA5D}.Release|x64.ActiveCfg = Release|Any CPU
		{281BAD0A-DB70-4151-BEDB-CA9B809BFA5D}.Release|x64.Build.0 = Release|Any CPU
		{281BAD0A-DB70-4151-BEDB-CA9B809BFA5D}.Release|x86.ActiveCfg = Release|Any CPU
		{281BAD0A-DB70-4151-BEDB-CA9B809BFA5D}.Release|x86.Build.0 = Release|Any CPU
	EndGlobalSection
	GlobalSection(SolutionProperties) = preSolution
		HideSolutionNode = FALSE
	EndGlobalSection
	GlobalSection(ExtensibilityGlobals) = postSolution
		SolutionGuid = {26DF0FDA-ADD7-4E93-87AB-CE580E245D0D}
	EndGlobalSection
EndGlobal
