
Microsoft Visual Studio Solution File, Format Version 12.00
# Visual Studio 15
VisualStudioVersion = 15.0.27130.2027
MinimumVisualStudioVersion = 10.0.40219.1
Project("{FAE04EC0-301F-11D3-BF4B-00C04F79EFBC}") = "ListViewSample.Android", "ListViewSample\ListViewSample.Android\ListViewSample.Android.csproj", "{F05F754E-FC32-4F3B-B09A-9A878F8C2C8E}"
EndProject
Project("{FAE04EC0-301F-11D3-BF4B-00C04F79EFBC}") = "ListViewSample.iOS", "ListViewSample\ListViewSample.iOS\ListViewSample.iOS.csproj", "{14744BC9-178C-491A-8091-276979BBD993}"
EndProject
Project("{FAE04EC0-301F-11D3-BF4B-00C04F79EFBC}") = "ListViewSample.UWP", "ListViewSample\ListViewSample.UWP\ListViewSample.UWP.csproj", "{DAD7221E-7C1C-4FB0-AF14-B98D9D7A64C5}"
EndProject
Project("{FAE04EC0-301F-11D3-BF4B-00C04F79EFBC}") = "ListViewSample", "ListViewSample\ListViewSample\ListViewSample.csproj", "{2726B331-0988-41A3-9C0E-5E5D3FCEF26D}"
EndProject
Global
	GlobalSection(SolutionConfigurationPlatforms) = preSolution
		Ad-Hoc|Any CPU = Ad-Hoc|Any CPU
		Ad-Hoc|ARM = Ad-Hoc|ARM
		Ad-Hoc|iPhone = Ad-Hoc|iPhone
		Ad-Hoc|iPhoneSimulator = Ad-Hoc|iPhoneSimulator
		Ad-Hoc|x64 = Ad-Hoc|x64
		Ad-Hoc|x86 = Ad-Hoc|x86
		AppStore|Any CPU = AppStore|Any CPU
		AppStore|ARM = AppStore|ARM
		AppStore|iPhone = AppStore|iPhone
		AppStore|iPhoneSimulator = AppStore|iPhoneSimulator
		AppStore|x64 = AppStore|x64
		AppStore|x86 = AppStore|x86
		Debug|Any CPU = Debug|Any CPU
		Debug|ARM = Debug|ARM
		Debug|iPhone = Debug|iPhone
		Debug|iPhoneSimulator = Debug|iPhoneSimulator
		Debug|x64 = Debug|x64
		Debug|x86 = Debug|x86
		Release|Any CPU = Release|Any CPU
		Release|ARM = Release|ARM
		Release|iPhone = Release|iPhone
		Release|iPhoneSimulator = Release|iPhoneSimulator
		Release|x64 = Release|x64
		Release|x86 = Release|x86
	EndGlobalSection
	GlobalSection(ProjectConfigurationPlatforms) = postSolution
		{F05F754E-FC32-4F3B-B09A-9A878F8C2C8E}.Ad-Hoc|Any CPU.ActiveCfg = Release|Any CPU
		{F05F754E-FC32-4F3B-B09A-9A878F8C2C8E}.Ad-Hoc|Any CPU.Build.0 = Release|Any CPU
		{F05F754E-FC32-4F3B-B09A-9A878F8C2C8E}.Ad-Hoc|Any CPU.Deploy.0 = Release|Any CPU
		{F05F754E-FC32-4F3B-B09A-9A878F8C2C8E}.Ad-Hoc|ARM.ActiveCfg = Release|Any CPU
		{F05F754E-FC32-4F3B-B09A-9A878F8C2C8E}.Ad-Hoc|ARM.Build.0 = Release|Any CPU
		{F05F754E-FC32-4F3B-B09A-9A878F8C2C8E}.Ad-Hoc|ARM.Deploy.0 = Release|Any CPU
		{F05F754E-FC32-4F3B-B09A-9A878F8C2C8E}.Ad-Hoc|iPhone.ActiveCfg = Release|Any CPU
		{F05F754E-FC32-4F3B-B09A-9A878F8C2C8E}.Ad-Hoc|iPhone.Build.0 = Release|Any CPU
		{F05F754E-FC32-4F3B-B09A-9A878F8C2C8E}.Ad-Hoc|iPhone.Deploy.0 = Release|Any CPU
		{F05F754E-FC32-4F3B-B09A-9A878F8C2C8E}.Ad-Hoc|iPhoneSimulator.ActiveCfg = Release|Any CPU
		{F05F754E-FC32-4F3B-B09A-9A878F8C2C8E}.Ad-Hoc|iPhoneSimulator.Build.0 = Release|Any CPU
		{F05F754E-FC32-4F3B-B09A-9A878F8C2C8E}.Ad-Hoc|iPhoneSimulator.Deploy.0 = Release|Any CPU
		{F05F754E-FC32-4F3B-B09A-9A878F8C2C8E}.Ad-Hoc|x64.ActiveCfg = Release|Any CPU
		{F05F754E-FC32-4F3B-B09A-9A878F8C2C8E}.Ad-Hoc|x64.Build.0 = Release|Any CPU
		{F05F754E-FC32-4F3B-B09A-9A878F8C2C8E}.Ad-Hoc|x64.Deploy.0 = Release|Any CPU
		{F05F754E-FC32-4F3B-B09A-9A878F8C2C8E}.Ad-Hoc|x86.ActiveCfg = Release|Any CPU
		{F05F754E-FC32-4F3B-B09A-9A878F8C2C8E}.Ad-Hoc|x86.Build.0 = Release|Any CPU
		{F05F754E-FC32-4F3B-B09A-9A878F8C2C8E}.Ad-Hoc|x86.Deploy.0 = Release|Any CPU
		{F05F754E-FC32-4F3B-B09A-9A878F8C2C8E}.AppStore|Any CPU.ActiveCfg = Release|Any CPU
		{F05F754E-FC32-4F3B-B09A-9A878F8C2C8E}.AppStore|Any CPU.Build.0 = Release|Any CPU
		{F05F754E-FC32-4F3B-B09A-9A878F8C2C8E}.AppStore|Any CPU.Deploy.0 = Release|Any CPU
		{F05F754E-FC32-4F3B-B09A-9A878F8C2C8E}.AppStore|ARM.ActiveCfg = Release|Any CPU
		{F05F754E-FC32-4F3B-B09A-9A878F8C2C8E}.AppStore|ARM.Build.0 = Release|Any CPU
		{F05F754E-FC32-4F3B-B09A-9A878F8C2C8E}.AppStore|ARM.Deploy.0 = Release|Any CPU
		{F05F754E-FC32-4F3B-B09A-9A878F8C2C8E}.AppStore|iPhone.ActiveCfg = Release|Any CPU
		{F05F754E-FC32-4F3B-B09A-9A878F8C2C8E}.AppStore|iPhone.Build.0 = Release|Any CPU
		{F05F754E-FC32-4F3B-B09A-9A878F8C2C8E}.AppStore|iPhone.Deploy.0 = Release|Any CPU
		{F05F754E-FC32-4F3B-B09A-9A878F8C2C8E}.AppStore|iPhoneSimulator.ActiveCfg = Release|Any CPU
		{F05F754E-FC32-4F3B-B09A-9A878F8C2C8E}.AppStore|iPhoneSimulator.Build.0 = Release|Any CPU
		{F05F754E-FC32-4F3B-B09A-9A878F8C2C8E}.AppStore|iPhoneSimulator.Deploy.0 = Release|Any CPU
		{F05F754E-FC32-4F3B-B09A-9A878F8C2C8E}.AppStore|x64.ActiveCfg = Release|Any CPU
		{F05F754E-FC32-4F3B-B09A-9A878F8C2C8E}.AppStore|x64.Build.0 = Release|Any CPU
		{F05F754E-FC32-4F3B-B09A-9A878F8C2C8E}.AppStore|x64.Deploy.0 = Release|Any CPU
		{F05F754E-FC32-4F3B-B09A-9A878F8C2C8E}.AppStore|x86.ActiveCfg = Release|Any CPU
		{F05F754E-FC32-4F3B-B09A-9A878F8C2C8E}.AppStore|x86.Build.0 = Release|Any CPU
		{F05F754E-FC32-4F3B-B09A-9A878F8C2C8E}.AppStore|x86.Deploy.0 = Release|Any CPU
		{F05F754E-FC32-4F3B-B09A-9A878F8C2C8E}.Debug|Any CPU.ActiveCfg = Debug|Any CPU
		{F05F754E-FC32-4F3B-B09A-9A878F8C2C8E}.Debug|Any CPU.Build.0 = Debug|Any CPU
		{F05F754E-FC32-4F3B-B09A-9A878F8C2C8E}.Debug|Any CPU.Deploy.0 = Debug|Any CPU
		{F05F754E-FC32-4F3B-B09A-9A878F8C2C8E}.Debug|ARM.ActiveCfg = Debug|Any CPU
		{F05F754E-FC32-4F3B-B09A-9A878F8C2C8E}.Debug|ARM.Build.0 = Debug|Any CPU
		{F05F754E-FC32-4F3B-B09A-9A878F8C2C8E}.Debug|ARM.Deploy.0 = Debug|Any CPU
		{F05F754E-FC32-4F3B-B09A-9A878F8C2C8E}.Debug|iPhone.ActiveCfg = Debug|Any CPU
		{F05F754E-FC32-4F3B-B09A-9A878F8C2C8E}.Debug|iPhone.Build.0 = Debug|Any CPU
		{F05F754E-FC32-4F3B-B09A-9A878F8C2C8E}.Debug|iPhone.Deploy.0 = Debug|Any CPU
		{F05F754E-FC32-4F3B-B09A-9A878F8C2C8E}.Debug|iPhoneSimulator.ActiveCfg = Debug|Any CPU
		{F05F754E-FC32-4F3B-B09A-9A878F8C2C8E}.Debug|iPhoneSimulator.Build.0 = Debug|Any CPU
		{F05F754E-FC32-4F3B-B09A-9A878F8C2C8E}.Debug|iPhoneSimulator.Deploy.0 = Debug|Any CPU
		{F05F754E-FC32-4F3B-B09A-9A878F8C2C8E}.Debug|x64.ActiveCfg = Debug|Any CPU
		{F05F754E-FC32-4F3B-B09A-9A878F8C2C8E}.Debug|x64.Build.0 = Debug|Any CPU
		{F05F754E-FC32-4F3B-B09A-9A878F8C2C8E}.Debug|x64.Deploy.0 = Debug|Any CPU
		{F05F754E-FC32-4F3B-B09A-9A878F8C2C8E}.Debug|x86.ActiveCfg = Debug|Any CPU
		{F05F754E-FC32-4F3B-B09A-9A878F8C2C8E}.Debug|x86.Build.0 = Debug|Any CPU
		{F05F754E-FC32-4F3B-B09A-9A878F8C2C8E}.Debug|x86.Deploy.0 = Debug|Any CPU
		{F05F754E-FC32-4F3B-B09A-9A878F8C2C8E}.Release|Any CPU.ActiveCfg = Release|Any CPU
		{F05F754E-FC32-4F3B-B09A-9A878F8C2C8E}.Release|Any CPU.Build.0 = Release|Any CPU
		{F05F754E-FC32-4F3B-B09A-9A878F8C2C8E}.Release|Any CPU.Deploy.0 = Release|Any CPU
		{F05F754E-FC32-4F3B-B09A-9A878F8C2C8E}.Release|ARM.ActiveCfg = Release|Any CPU
		{F05F754E-FC32-4F3B-B09A-9A878F8C2C8E}.Release|ARM.Build.0 = Release|Any CPU
		{F05F754E-FC32-4F3B-B09A-9A878F8C2C8E}.Release|ARM.Deploy.0 = Release|Any CPU
		{F05F754E-FC32-4F3B-B09A-9A878F8C2C8E}.Release|iPhone.ActiveCfg = Release|Any CPU
		{F05F754E-FC32-4F3B-B09A-9A878F8C2C8E}.Release|iPhone.Build.0 = Release|Any CPU
		{F05F754E-FC32-4F3B-B09A-9A878F8C2C8E}.Release|iPhone.Deploy.0 = Release|Any CPU
		{F05F754E-FC32-4F3B-B09A-9A878F8C2C8E}.Release|iPhoneSimulator.ActiveCfg = Release|Any CPU
		{F05F754E-FC32-4F3B-B09A-9A878F8C2C8E}.Release|iPhoneSimulator.Build.0 = Release|Any CPU
		{F05F754E-FC32-4F3B-B09A-9A878F8C2C8E}.Release|iPhoneSimulator.Deploy.0 = Release|Any CPU
		{F05F754E-FC32-4F3B-B09A-9A878F8C2C8E}.Release|x64.ActiveCfg = Release|Any CPU
		{F05F754E-FC32-4F3B-B09A-9A878F8C2C8E}.Release|x64.Build.0 = Release|Any CPU
		{F05F754E-FC32-4F3B-B09A-9A878F8C2C8E}.Release|x64.Deploy.0 = Release|Any CPU
		{F05F754E-FC32-4F3B-B09A-9A878F8C2C8E}.Release|x86.ActiveCfg = Release|Any CPU
		{F05F754E-FC32-4F3B-B09A-9A878F8C2C8E}.Release|x86.Build.0 = Release|Any CPU
		{F05F754E-FC32-4F3B-B09A-9A878F8C2C8E}.Release|x86.Deploy.0 = Release|Any CPU
		{14744BC9-178C-491A-8091-276979BBD993}.Ad-Hoc|Any CPU.ActiveCfg = Ad-Hoc|iPhone
		{14744BC9-178C-491A-8091-276979BBD993}.Ad-Hoc|ARM.ActiveCfg = Ad-Hoc|iPhone
		{14744BC9-178C-491A-8091-276979BBD993}.Ad-Hoc|iPhone.ActiveCfg = Ad-Hoc|iPhone
		{14744BC9-178C-491A-8091-276979BBD993}.Ad-Hoc|iPhone.Build.0 = Ad-Hoc|iPhone
		{14744BC9-178C-491A-8091-276979BBD993}.Ad-Hoc|iPhoneSimulator.ActiveCfg = Ad-Hoc|iPhoneSimulator
		{14744BC9-178C-491A-8091-276979BBD993}.Ad-Hoc|iPhoneSimulator.Build.0 = Ad-Hoc|iPhoneSimulator
		{14744BC9-178C-491A-8091-276979BBD993}.Ad-Hoc|x64.ActiveCfg = Ad-Hoc|iPhone
		{14744BC9-178C-491A-8091-276979BBD993}.Ad-Hoc|x86.ActiveCfg = Ad-Hoc|iPhone
		{14744BC9-178C-491A-8091-276979BBD993}.AppStore|Any CPU.ActiveCfg = AppStore|iPhone
		{14744BC9-178C-491A-8091-276979BBD993}.AppStore|ARM.ActiveCfg = AppStore|iPhone
		{14744BC9-178C-491A-8091-276979BBD993}.AppStore|iPhone.ActiveCfg = AppStore|iPhone
		{14744BC9-178C-491A-8091-276979BBD993}.AppStore|iPhone.Build.0 = AppStore|iPhone
		{14744BC9-178C-491A-8091-276979BBD993}.AppStore|iPhoneSimulator.ActiveCfg = AppStore|iPhoneSimulator
		{14744BC9-178C-491A-8091-276979BBD993}.AppStore|iPhoneSimulator.Build.0 = AppStore|iPhoneSimulator
		{14744BC9-178C-491A-8091-276979BBD993}.AppStore|x64.ActiveCfg = AppStore|iPhone
		{14744BC9-178C-491A-8091-276979BBD993}.AppStore|x86.ActiveCfg = AppStore|iPhone
		{14744BC9-178C-491A-8091-276979BBD993}.Debug|Any CPU.ActiveCfg = Debug|iPhone
		{14744BC9-178C-491A-8091-276979BBD993}.Debug|ARM.ActiveCfg = Debug|iPhone
		{14744BC9-178C-491A-8091-276979BBD993}.Debug|iPhone.ActiveCfg = Debug|iPhone
		{14744BC9-178C-491A-8091-276979BBD993}.Debug|iPhone.Build.0 = Debug|iPhone
		{14744BC9-178C-491A-8091-276979BBD993}.Debug|iPhoneSimulator.ActiveCfg = Debug|iPhoneSimulator
		{14744BC9-178C-491A-8091-276979BBD993}.Debug|iPhoneSimulator.Build.0 = Debug|iPhoneSimulator
		{14744BC9-178C-491A-8091-276979BBD993}.Debug|x64.ActiveCfg = Debug|iPhone
		{14744BC9-178C-491A-8091-276979BBD993}.Debug|x86.ActiveCfg = Debug|iPhone
		{14744BC9-178C-491A-8091-276979BBD993}.Release|Any CPU.ActiveCfg = Release|iPhone
		{14744BC9-178C-491A-8091-276979BBD993}.Release|ARM.ActiveCfg = Release|iPhone
		{14744BC9-178C-491A-8091-276979BBD993}.Release|iPhone.ActiveCfg = Release|iPhone
		{14744BC9-178C-491A-8091-276979BBD993}.Release|iPhone.Build.0 = Release|iPhone
		{14744BC9-178C-491A-8091-276979BBD993}.Release|iPhoneSimulator.ActiveCfg = Release|iPhoneSimulator
		{14744BC9-178C-491A-8091-276979BBD993}.Release|iPhoneSimulator.Build.0 = Release|iPhoneSimulator
		{14744BC9-178C-491A-8091-276979BBD993}.Release|x64.ActiveCfg = Release|iPhone
		{14744BC9-178C-491A-8091-276979BBD993}.Release|x86.ActiveCfg = Release|iPhone
		{DAD7221E-7C1C-4FB0-AF14-B98D9D7A64C5}.Ad-Hoc|Any CPU.ActiveCfg = Release|x86
		{DAD7221E-7C1C-4FB0-AF14-B98D9D7A64C5}.Ad-Hoc|Any CPU.Build.0 = Release|x86
		{DAD7221E-7C1C-4FB0-AF14-B98D9D7A64C5}.Ad-Hoc|Any CPU.Deploy.0 = Release|x86
		{DAD7221E-7C1C-4FB0-AF14-B98D9D7A64C5}.Ad-Hoc|ARM.ActiveCfg = Release|ARM
		{DAD7221E-7C1C-4FB0-AF14-B98D9D7A64C5}.Ad-Hoc|ARM.Build.0 = Release|ARM
		{DAD7221E-7C1C-4FB0-AF14-B98D9D7A64C5}.Ad-Hoc|ARM.Deploy.0 = Release|ARM
		{DAD7221E-7C1C-4FB0-AF14-B98D9D7A64C5}.Ad-Hoc|iPhone.ActiveCfg = Release|x86
		{DAD7221E-7C1C-4FB0-AF14-B98D9D7A64C5}.Ad-Hoc|iPhone.Build.0 = Release|x86
		{DAD7221E-7C1C-4FB0-AF14-B98D9D7A64C5}.Ad-Hoc|iPhone.Deploy.0 = Release|x86
		{DAD7221E-7C1C-4FB0-AF14-B98D9D7A64C5}.Ad-Hoc|iPhoneSimulator.ActiveCfg = Release|x86
		{DAD7221E-7C1C-4FB0-AF14-B98D9D7A64C5}.Ad-Hoc|iPhoneSimulator.Build.0 = Release|x86
		{DAD7221E-7C1C-4FB0-AF14-B98D9D7A64C5}.Ad-Hoc|iPhoneSimulator.Deploy.0 = Release|x86
		{DAD7221E-7C1C-4FB0-AF14-B98D9D7A64C5}.Ad-Hoc|x64.ActiveCfg = Release|x64
		{DAD7221E-7C1C-4FB0-AF14-B98D9D7A64C5}.Ad-Hoc|x64.Build.0 = Release|x64
		{DAD7221E-7C1C-4FB0-AF14-B98D9D7A64C5}.Ad-Hoc|x64.Deploy.0 = Release|x64
		{DAD7221E-7C1C-4FB0-AF14-B98D9D7A64C5}.Ad-Hoc|x86.ActiveCfg = Release|x86
		{DAD7221E-7C1C-4FB0-AF14-B98D9D7A64C5}.Ad-Hoc|x86.Build.0 = Release|x86
		{DAD7221E-7C1C-4FB0-AF14-B98D9D7A64C5}.Ad-Hoc|x86.Deploy.0 = Release|x86
		{DAD7221E-7C1C-4FB0-AF14-B98D9D7A64C5}.AppStore|Any CPU.ActiveCfg = Release|x86
		{DAD7221E-7C1C-4FB0-AF14-B98D9D7A64C5}.AppStore|Any CPU.Build.0 = Release|x86
		{DAD7221E-7C1C-4FB0-AF14-B98D9D7A64C5}.AppStore|Any CPU.Deploy.0 = Release|x86
		{DAD7221E-7C1C-4FB0-AF14-B98D9D7A64C5}.AppStore|ARM.ActiveCfg = Release|ARM
		{DAD7221E-7C1C-4FB0-AF14-B98D9D7A64C5}.AppStore|ARM.Build.0 = Release|ARM
		{DAD7221E-7C1C-4FB0-AF14-B98D9D7A64C5}.AppStore|ARM.Deploy.0 = Release|ARM
		{DAD7221E-7C1C-4FB0-AF14-B98D9D7A64C5}.AppStore|iPhone.ActiveCfg = Release|x86
		{DAD7221E-7C1C-4FB0-AF14-B98D9D7A64C5}.AppStore|iPhone.Build.0 = Release|x86
		{DAD7221E-7C1C-4FB0-AF14-B98D9D7A64C5}.AppStore|iPhone.Deploy.0 = Release|x86
		{DAD7221E-7C1C-4FB0-AF14-B98D9D7A64C5}.AppStore|iPhoneSimulator.ActiveCfg = Release|x86
		{DAD7221E-7C1C-4FB0-AF14-B98D9D7A64C5}.AppStore|iPhoneSimulator.Build.0 = Release|x86
		{DAD7221E-7C1C-4FB0-AF14-B98D9D7A64C5}.AppStore|iPhoneSimulator.Deploy.0 = Release|x86
		{DAD7221E-7C1C-4FB0-AF14-B98D9D7A64C5}.AppStore|x64.ActiveCfg = Release|x64
		{DAD7221E-7C1C-4FB0-AF14-B98D9D7A64C5}.AppStore|x64.Build.0 = Release|x64
		{DAD7221E-7C1C-4FB0-AF14-B98D9D7A64C5}.AppStore|x64.Deploy.0 = Release|x64
		{DAD7221E-7C1C-4FB0-AF14-B98D9D7A64C5}.AppStore|x86.ActiveCfg = Release|x86
		{DAD7221E-7C1C-4FB0-AF14-B98D9D7A64C5}.AppStore|x86.Build.0 = Release|x86
		{DAD7221E-7C1C-4FB0-AF14-B98D9D7A64C5}.AppStore|x86.Deploy.0 = Release|x86
		{DAD7221E-7C1C-4FB0-AF14-B98D9D7A64C5}.Debug|Any CPU.ActiveCfg = Debug|x86
		{DAD7221E-7C1C-4FB0-AF14-B98D9D7A64C5}.Debug|ARM.ActiveCfg = Debug|ARM
		{DAD7221E-7C1C-4FB0-AF14-B98D9D7A64C5}.Debug|ARM.Build.0 = Debug|ARM
		{DAD7221E-7C1C-4FB0-AF14-B98D9D7A64C5}.Debug|ARM.Deploy.0 = Debug|ARM
		{DAD7221E-7C1C-4FB0-AF14-B98D9D7A64C5}.Debug|iPhone.ActiveCfg = Debug|x86
		{DAD7221E-7C1C-4FB0-AF14-B98D9D7A64C5}.Debug|iPhoneSimulator.ActiveCfg = Debug|x86
		{DAD7221E-7C1C-4FB0-AF14-B98D9D7A64C5}.Debug|x64.ActiveCfg = Debug|x64
		{DAD7221E-7C1C-4FB0-AF14-B98D9D7A64C5}.Debug|x64.Build.0 = Debug|x64
		{DAD7221E-7C1C-4FB0-AF14-B98D9D7A64C5}.Debug|x64.Deploy.0 = Debug|x64
		{DAD7221E-7C1C-4FB0-AF14-B98D9D7A64C5}.Debug|x86.ActiveCfg = Debug|x86
		{DAD7221E-7C1C-4FB0-AF14-B98D9D7A64C5}.Debug|x86.Build.0 = Debug|x86
		{DAD7221E-7C1C-4FB0-AF14-B98D9D7A64C5}.Debug|x86.Deploy.0 = Debug|x86
		{DAD7221E-7C1C-4FB0-AF14-B98D9D7A64C5}.Release|Any CPU.ActiveCfg = Release|x86
		{DAD7221E-7C1C-4FB0-AF14-B98D9D7A64C5}.Release|ARM.ActiveCfg = Release|ARM
		{DAD7221E-7C1C-4FB0-AF14-B98D9D7A64C5}.Release|ARM.Build.0 = Release|ARM
		{DAD7221E-7C1C-4FB0-AF14-B98D9D7A64C5}.Release|ARM.Deploy.0 = Release|ARM
		{DAD7221E-7C1C-4FB0-AF14-B98D9D7A64C5}.Release|iPhone.ActiveCfg = Release|x86
		{DAD7221E-7C1C-4FB0-AF14-B98D9D7A64C5}.Release|iPhoneSimulator.ActiveCfg = Release|x86
		{DAD7221E-7C1C-4FB0-AF14-B98D9D7A64C5}.Release|x64.ActiveCfg = Release|x64
		{DAD7221E-7C1C-4FB0-AF14-B98D9D7A64C5}.Release|x64.Build.0 = Release|x64
		{DAD7221E-7C1C-4FB0-AF14-B98D9D7A64C5}.Release|x64.Deploy.0 = Release|x64
		{DAD7221E-7C1C-4FB0-AF14-B98D9D7A64C5}.Release|x86.ActiveCfg = Release|x86
		{DAD7221E-7C1C-4FB0-AF14-B98D9D7A64C5}.Release|x86.Build.0 = Release|x86
		{DAD7221E-7C1C-4FB0-AF14-B98D9D7A64C5}.Release|x86.Deploy.0 = Release|x86
		{2726B331-0988-41A3-9C0E-5E5D3FCEF26D}.Ad-Hoc|Any CPU.ActiveCfg = Debug|Any CPU
		{2726B331-0988-41A3-9C0E-5E5D3FCEF26D}.Ad-Hoc|Any CPU.Build.0 = Debug|Any CPU
		{2726B331-0988-41A3-9C0E-5E5D3FCEF26D}.Ad-Hoc|ARM.ActiveCfg = Debug|Any CPU
		{2726B331-0988-41A3-9C0E-5E5D3FCEF26D}.Ad-Hoc|ARM.Build.0 = Debug|Any CPU
		{2726B331-0988-41A3-9C0E-5E5D3FCEF26D}.Ad-Hoc|iPhone.ActiveCfg = Debug|Any CPU
		{2726B331-0988-41A3-9C0E-5E5D3FCEF26D}.Ad-Hoc|iPhone.Build.0 = Debug|Any CPU
		{2726B331-0988-41A3-9C0E-5E5D3FCEF26D}.Ad-Hoc|iPhoneSimulator.ActiveCfg = Debug|Any CPU
		{2726B331-0988-41A3-9C0E-5E5D3FCEF26D}.Ad-Hoc|iPhoneSimulator.Build.0 = Debug|Any CPU
		{2726B331-0988-41A3-9C0E-5E5D3FCEF26D}.Ad-Hoc|x64.ActiveCfg = Debug|Any CPU
		{2726B331-0988-41A3-9C0E-5E5D3FCEF26D}.Ad-Hoc|x64.Build.0 = Debug|Any CPU
		{2726B331-0988-41A3-9C0E-5E5D3FCEF26D}.Ad-Hoc|x86.ActiveCfg = Debug|Any CPU
		{2726B331-0988-41A3-9C0E-5E5D3FCEF26D}.Ad-Hoc|x86.Build.0 = Debug|Any CPU
		{2726B331-0988-41A3-9C0E-5E5D3FCEF26D}.AppStore|Any CPU.ActiveCfg = Debug|Any CPU
		{2726B331-0988-41A3-9C0E-5E5D3FCEF26D}.AppStore|Any CPU.Build.0 = Debug|Any CPU
		{2726B331-0988-41A3-9C0E-5E5D3FCEF26D}.AppStore|ARM.ActiveCfg = Debug|Any CPU
		{2726B331-0988-41A3-9C0E-5E5D3FCEF26D}.AppStore|ARM.Build.0 = Debug|Any CPU
		{2726B331-0988-41A3-9C0E-5E5D3FCEF26D}.AppStore|iPhone.ActiveCfg = Debug|Any CPU
		{2726B331-0988-41A3-9C0E-5E5D3FCEF26D}.AppStore|iPhone.Build.0 = Debug|Any CPU
		{2726B331-0988-41A3-9C0E-5E5D3FCEF26D}.AppStore|iPhoneSimulator.ActiveCfg = Debug|Any CPU
		{2726B331-0988-41A3-9C0E-5E5D3FCEF26D}.AppStore|iPhoneSimulator.Build.0 = Debug|Any CPU
		{2726B331-0988-41A3-9C0E-5E5D3FCEF26D}.AppStore|x64.ActiveCfg = Debug|Any CPU
		{2726B331-0988-41A3-9C0E-5E5D3FCEF26D}.AppStore|x64.Build.0 = Debug|Any CPU
		{2726B331-0988-41A3-9C0E-5E5D3FCEF26D}.AppStore|x86.ActiveCfg = Debug|Any CPU
		{2726B331-0988-41A3-9C0E-5E5D3FCEF26D}.AppStore|x86.Build.0 = Debug|Any CPU
		{2726B331-0988-41A3-9C0E-5E5D3FCEF26D}.Debug|Any CPU.ActiveCfg = Debug|Any CPU
		{2726B331-0988-41A3-9C0E-5E5D3FCEF26D}.Debug|Any CPU.Build.0 = Debug|Any CPU
		{2726B331-0988-41A3-9C0E-5E5D3FCEF26D}.Debug|ARM.ActiveCfg = Debug|Any CPU
		{2726B331-0988-41A3-9C0E-5E5D3FCEF26D}.Debug|ARM.Build.0 = Debug|Any CPU
		{2726B331-0988-41A3-9C0E-5E5D3FCEF26D}.Debug|iPhone.ActiveCfg = Debug|Any CPU
		{2726B331-0988-41A3-9C0E-5E5D3FCEF26D}.Debug|iPhone.Build.0 = Debug|Any CPU
		{2726B331-0988-41A3-9C0E-5E5D3FCEF26D}.Debug|iPhoneSimulator.ActiveCfg = Debug|Any CPU
		{2726B331-0988-41A3-9C0E-5E5D3FCEF26D}.Debug|iPhoneSimulator.Build.0 = Debug|Any CPU
		{2726B331-0988-41A3-9C0E-5E5D3FCEF26D}.Debug|x64.ActiveCfg = Debug|Any CPU
		{2726B331-0988-41A3-9C0E-5E5D3FCEF26D}.Debug|x64.Build.0 = Debug|Any CPU
		{2726B331-0988-41A3-9C0E-5E5D3FCEF26D}.Debug|x86.ActiveCfg = Debug|Any CPU
		{2726B331-0988-41A3-9C0E-5E5D3FCEF26D}.Debug|x86.Build.0 = Debug|Any CPU
		{2726B331-0988-41A3-9C0E-5E5D3FCEF26D}.Release|Any CPU.ActiveCfg = Release|Any CPU
		{2726B331-0988-41A3-9C0E-5E5D3FCEF26D}.Release|Any CPU.Build.0 = Release|Any CPU
		{2726B331-0988-41A3-9C0E-5E5D3FCEF26D}.Release|ARM.ActiveCfg = Release|Any CPU
		{2726B331-0988-41A3-9C0E-5E5D3FCEF26D}.Release|ARM.Build.0 = Release|Any CPU
		{2726B331-0988-41A3-9C0E-5E5D3FCEF26D}.Release|iPhone.ActiveCfg = Release|Any CPU
		{2726B331-0988-41A3-9C0E-5E5D3FCEF26D}.Release|iPhone.Build.0 = Release|Any CPU
		{2726B331-0988-41A3-9C0E-5E5D3FCEF26D}.Release|iPhoneSimulator.ActiveCfg = Release|Any CPU
		{2726B331-0988-41A3-9C0E-5E5D3FCEF26D}.Release|iPhoneSimulator.Build.0 = Release|Any CPU
		{2726B331-0988-41A3-9C0E-5E5D3FCEF26D}.Release|x64.ActiveCfg = Release|Any CPU
		{2726B331-0988-41A3-9C0E-5E5D3FCEF26D}.Release|x64.Build.0 = Release|Any CPU
		{2726B331-0988-41A3-9C0E-5E5D3FCEF26D}.Release|x86.ActiveCfg = Release|Any CPU
		{2726B331-0988-41A3-9C0E-5E5D3FCEF26D}.Release|x86.Build.0 = Release|Any CPU
	EndGlobalSection
	GlobalSection(SolutionProperties) = preSolution
		HideSolutionNode = FALSE
	EndGlobalSection
	GlobalSection(ExtensibilityGlobals) = postSolution
		SolutionGuid = {B56E9724-D2B1-4743-A9BB-1A4582FFE263}
	EndGlobalSection
EndGlobal
