
Microsoft Visual Studio Solution File, Format Version 12.00
# Visual Studio 15
VisualStudioVersion = 15.0.27130.2027
MinimumVisualStudioVersion = 10.0.40219.1
Project("{FAE04EC0-301F-11D3-BF4B-00C04F79EFBC}") = "ViewControlsSample.Android", "ViewControlsSample\ViewControlsSample.Android\ViewControlsSample.Android.csproj", "{33C8A8C6-76E3-41A4-876C-F8919ED42A89}"
EndProject
Project("{FAE04EC0-301F-11D3-BF4B-00C04F79EFBC}") = "ViewControlsSample.iOS", "ViewControlsSample\ViewControlsSample.iOS\ViewControlsSample.iOS.csproj", "{CA32DBE4-6DE4-45F2-8EF6-AC222BBCEC3D}"
EndProject
Project("{FAE04EC0-301F-11D3-BF4B-00C04F79EFBC}") = "ViewControlsSample.UWP", "ViewControlsSample\ViewControlsSample.UWP\ViewControlsSample.UWP.csproj", "{DA96AE16-48B0-4660-A577-9A5B293B20F7}"
EndProject
Project("{FAE04EC0-301F-11D3-BF4B-00C04F79EFBC}") = "ViewControlsSample", "ViewControlsSample\ViewControlsSample\ViewControlsSample.csproj", "{852AAED3-1134-4BDC-BD85-B2B1C4AB12A1}"
EndProject
Global
	GlobalSection(SolutionConfigurationPlatforms) = preSolution
		Ad-Hoc|Any CPU = Ad-Hoc|Any CPU
		Ad-Hoc|ARM = Ad-Hoc|ARM
		Ad-Hoc|iPhone = Ad-Hoc|iPhone
		Ad-Hoc|iPhoneSimulator = Ad-Hoc|iPhoneSimulator
		Ad-Hoc|x64 = Ad-Hoc|x64
		Ad-Hoc|x86 = Ad-Hoc|x86
		AppStore|Any CPU = AppStore|Any CPU
		AppStore|ARM = AppStore|ARM
		AppStore|iPhone = AppStore|iPhone
		AppStore|iPhoneSimulator = AppStore|iPhoneSimulator
		AppStore|x64 = AppStore|x64
		AppStore|x86 = AppStore|x86
		Debug|Any CPU = Debug|Any CPU
		Debug|ARM = Debug|ARM
		Debug|iPhone = Debug|iPhone
		Debug|iPhoneSimulator = Debug|iPhoneSimulator
		Debug|x64 = Debug|x64
		Debug|x86 = Debug|x86
		Release|Any CPU = Release|Any CPU
		Release|ARM = Release|ARM
		Release|iPhone = Release|iPhone
		Release|iPhoneSimulator = Release|iPhoneSimulator
		Release|x64 = Release|x64
		Release|x86 = Release|x86
	EndGlobalSection
	GlobalSection(ProjectConfigurationPlatforms) = postSolution
		{33C8A8C6-76E3-41A4-876C-F8919ED42A89}.Ad-Hoc|Any CPU.ActiveCfg = Release|Any CPU
		{33C8A8C6-76E3-41A4-876C-F8919ED42A89}.Ad-Hoc|Any CPU.Build.0 = Release|Any CPU
		{33C8A8C6-76E3-41A4-876C-F8919ED42A89}.Ad-Hoc|Any CPU.Deploy.0 = Release|Any CPU
		{33C8A8C6-76E3-41A4-876C-F8919ED42A89}.Ad-Hoc|ARM.ActiveCfg = Release|Any CPU
		{33C8A8C6-76E3-41A4-876C-F8919ED42A89}.Ad-Hoc|ARM.Build.0 = Release|Any CPU
		{33C8A8C6-76E3-41A4-876C-F8919ED42A89}.Ad-Hoc|ARM.Deploy.0 = Release|Any CPU
		{33C8A8C6-76E3-41A4-876C-F8919ED42A89}.Ad-Hoc|iPhone.ActiveCfg = Release|Any CPU
		{33C8A8C6-76E3-41A4-876C-F8919ED42A89}.Ad-Hoc|iPhone.Build.0 = Release|Any CPU
		{33C8A8C6-76E3-41A4-876C-F8919ED42A89}.Ad-Hoc|iPhone.Deploy.0 = Release|Any CPU
		{33C8A8C6-76E3-41A4-876C-F8919ED42A89}.Ad-Hoc|iPhoneSimulator.ActiveCfg = Release|Any CPU
		{33C8A8C6-76E3-41A4-876C-F8919ED42A89}.Ad-Hoc|iPhoneSimulator.Build.0 = Release|Any CPU
		{33C8A8C6-76E3-41A4-876C-F8919ED42A89}.Ad-Hoc|iPhoneSimulator.Deploy.0 = Release|Any CPU
		{33C8A8C6-76E3-41A4-876C-F8919ED42A89}.Ad-Hoc|x64.ActiveCfg = Release|Any CPU
		{33C8A8C6-76E3-41A4-876C-F8919ED42A89}.Ad-Hoc|x64.Build.0 = Release|Any CPU
		{33C8A8C6-76E3-41A4-876C-F8919ED42A89}.Ad-Hoc|x64.Deploy.0 = Release|Any CPU
		{33C8A8C6-76E3-41A4-876C-F8919ED42A89}.Ad-Hoc|x86.ActiveCfg = Release|Any CPU
		{33C8A8C6-76E3-41A4-876C-F8919ED42A89}.Ad-Hoc|x86.Build.0 = Release|Any CPU
		{33C8A8C6-76E3-41A4-876C-F8919ED42A89}.Ad-Hoc|x86.Deploy.0 = Release|Any CPU
		{33C8A8C6-76E3-41A4-876C-F8919ED42A89}.AppStore|Any CPU.ActiveCfg = Release|Any CPU
		{33C8A8C6-76E3-41A4-876C-F8919ED42A89}.AppStore|Any CPU.Build.0 = Release|Any CPU
		{33C8A8C6-76E3-41A4-876C-F8919ED42A89}.AppStore|Any CPU.Deploy.0 = Release|Any CPU
		{33C8A8C6-76E3-41A4-876C-F8919ED42A89}.AppStore|ARM.ActiveCfg = Release|Any CPU
		{33C8A8C6-76E3-41A4-876C-F8919ED42A89}.AppStore|ARM.Build.0 = Release|Any CPU
		{33C8A8C6-76E3-41A4-876C-F8919ED42A89}.AppStore|ARM.Deploy.0 = Release|Any CPU
		{33C8A8C6-76E3-41A4-876C-F8919ED42A89}.AppStore|iPhone.ActiveCfg = Release|Any CPU
		{33C8A8C6-76E3-41A4-876C-F8919ED42A89}.AppStore|iPhone.Build.0 = Release|Any CPU
		{33C8A8C6-76E3-41A4-876C-F8919ED42A89}.AppStore|iPhone.Deploy.0 = Release|Any CPU
		{33C8A8C6-76E3-41A4-876C-F8919ED42A89}.AppStore|iPhoneSimulator.ActiveCfg = Release|Any CPU
		{33C8A8C6-76E3-41A4-876C-F8919ED42A89}.AppStore|iPhoneSimulator.Build.0 = Release|Any CPU
		{33C8A8C6-76E3-41A4-876C-F8919ED42A89}.AppStore|iPhoneSimulator.Deploy.0 = Release|Any CPU
		{33C8A8C6-76E3-41A4-876C-F8919ED42A89}.AppStore|x64.ActiveCfg = Release|Any CPU
		{33C8A8C6-76E3-41A4-876C-F8919ED42A89}.AppStore|x64.Build.0 = Release|Any CPU
		{33C8A8C6-76E3-41A4-876C-F8919ED42A89}.AppStore|x64.Deploy.0 = Release|Any CPU
		{33C8A8C6-76E3-41A4-876C-F8919ED42A89}.AppStore|x86.ActiveCfg = Release|Any CPU
		{33C8A8C6-76E3-41A4-876C-F8919ED42A89}.AppStore|x86.Build.0 = Release|Any CPU
		{33C8A8C6-76E3-41A4-876C-F8919ED42A89}.AppStore|x86.Deploy.0 = Release|Any CPU
		{33C8A8C6-76E3-41A4-876C-F8919ED42A89}.Debug|Any CPU.ActiveCfg = Debug|Any CPU
		{33C8A8C6-76E3-41A4-876C-F8919ED42A89}.Debug|Any CPU.Build.0 = Debug|Any CPU
		{33C8A8C6-76E3-41A4-876C-F8919ED42A89}.Debug|Any CPU.Deploy.0 = Debug|Any CPU
		{33C8A8C6-76E3-41A4-876C-F8919ED42A89}.Debug|ARM.ActiveCfg = Debug|Any CPU
		{33C8A8C6-76E3-41A4-876C-F8919ED42A89}.Debug|ARM.Build.0 = Debug|Any CPU
		{33C8A8C6-76E3-41A4-876C-F8919ED42A89}.Debug|ARM.Deploy.0 = Debug|Any CPU
		{33C8A8C6-76E3-41A4-876C-F8919ED42A89}.Debug|iPhone.ActiveCfg = Debug|Any CPU
		{33C8A8C6-76E3-41A4-876C-F8919ED42A89}.Debug|iPhone.Build.0 = Debug|Any CPU
		{33C8A8C6-76E3-41A4-876C-F8919ED42A89}.Debug|iPhone.Deploy.0 = Debug|Any CPU
		{33C8A8C6-76E3-41A4-876C-F8919ED42A89}.Debug|iPhoneSimulator.ActiveCfg = Debug|Any CPU
		{33C8A8C6-76E3-41A4-876C-F8919ED42A89}.Debug|iPhoneSimulator.Build.0 = Debug|Any CPU
		{33C8A8C6-76E3-41A4-876C-F8919ED42A89}.Debug|iPhoneSimulator.Deploy.0 = Debug|Any CPU
		{33C8A8C6-76E3-41A4-876C-F8919ED42A89}.Debug|x64.ActiveCfg = Debug|Any CPU
		{33C8A8C6-76E3-41A4-876C-F8919ED42A89}.Debug|x64.Build.0 = Debug|Any CPU
		{33C8A8C6-76E3-41A4-876C-F8919ED42A89}.Debug|x64.Deploy.0 = Debug|Any CPU
		{33C8A8C6-76E3-41A4-876C-F8919ED42A89}.Debug|x86.ActiveCfg = Debug|Any CPU
		{33C8A8C6-76E3-41A4-876C-F8919ED42A89}.Debug|x86.Build.0 = Debug|Any CPU
		{33C8A8C6-76E3-41A4-876C-F8919ED42A89}.Debug|x86.Deploy.0 = Debug|Any CPU
		{33C8A8C6-76E3-41A4-876C-F8919ED42A89}.Release|Any CPU.ActiveCfg = Release|Any CPU
		{33C8A8C6-76E3-41A4-876C-F8919ED42A89}.Release|Any CPU.Build.0 = Release|Any CPU
		{33C8A8C6-76E3-41A4-876C-F8919ED42A89}.Release|Any CPU.Deploy.0 = Release|Any CPU
		{33C8A8C6-76E3-41A4-876C-F8919ED42A89}.Release|ARM.ActiveCfg = Release|Any CPU
		{33C8A8C6-76E3-41A4-876C-F8919ED42A89}.Release|ARM.Build.0 = Release|Any CPU
		{33C8A8C6-76E3-41A4-876C-F8919ED42A89}.Release|ARM.Deploy.0 = Release|Any CPU
		{33C8A8C6-76E3-41A4-876C-F8919ED42A89}.Release|iPhone.ActiveCfg = Release|Any CPU
		{33C8A8C6-76E3-41A4-876C-F8919ED42A89}.Release|iPhone.Build.0 = Release|Any CPU
		{33C8A8C6-76E3-41A4-876C-F8919ED42A89}.Release|iPhone.Deploy.0 = Release|Any CPU
		{33C8A8C6-76E3-41A4-876C-F8919ED42A89}.Release|iPhoneSimulator.ActiveCfg = Release|Any CPU
		{33C8A8C6-76E3-41A4-876C-F8919ED42A89}.Release|iPhoneSimulator.Build.0 = Release|Any CPU
		{33C8A8C6-76E3-41A4-876C-F8919ED42A89}.Release|iPhoneSimulator.Deploy.0 = Release|Any CPU
		{33C8A8C6-76E3-41A4-876C-F8919ED42A89}.Release|x64.ActiveCfg = Release|Any CPU
		{33C8A8C6-76E3-41A4-876C-F8919ED42A89}.Release|x64.Build.0 = Release|Any CPU
		{33C8A8C6-76E3-41A4-876C-F8919ED42A89}.Release|x64.Deploy.0 = Release|Any CPU
		{33C8A8C6-76E3-41A4-876C-F8919ED42A89}.Release|x86.ActiveCfg = Release|Any CPU
		{33C8A8C6-76E3-41A4-876C-F8919ED42A89}.Release|x86.Build.0 = Release|Any CPU
		{33C8A8C6-76E3-41A4-876C-F8919ED42A89}.Release|x86.Deploy.0 = Release|Any CPU
		{CA32DBE4-6DE4-45F2-8EF6-AC222BBCEC3D}.Ad-Hoc|Any CPU.ActiveCfg = Ad-Hoc|iPhone
		{CA32DBE4-6DE4-45F2-8EF6-AC222BBCEC3D}.Ad-Hoc|ARM.ActiveCfg = Ad-Hoc|iPhone
		{CA32DBE4-6DE4-45F2-8EF6-AC222BBCEC3D}.Ad-Hoc|iPhone.ActiveCfg = Ad-Hoc|iPhone
		{CA32DBE4-6DE4-45F2-8EF6-AC222BBCEC3D}.Ad-Hoc|iPhone.Build.0 = Ad-Hoc|iPhone
		{CA32DBE4-6DE4-45F2-8EF6-AC222BBCEC3D}.Ad-Hoc|iPhoneSimulator.ActiveCfg = Ad-Hoc|iPhoneSimulator
		{CA32DBE4-6DE4-45F2-8EF6-AC222BBCEC3D}.Ad-Hoc|iPhoneSimulator.Build.0 = Ad-Hoc|iPhoneSimulator
		{CA32DBE4-6DE4-45F2-8EF6-AC222BBCEC3D}.Ad-Hoc|x64.ActiveCfg = Ad-Hoc|iPhone
		{CA32DBE4-6DE4-45F2-8EF6-AC222BBCEC3D}.Ad-Hoc|x86.ActiveCfg = Ad-Hoc|iPhone
		{CA32DBE4-6DE4-45F2-8EF6-AC222BBCEC3D}.AppStore|Any CPU.ActiveCfg = AppStore|iPhone
		{CA32DBE4-6DE4-45F2-8EF6-AC222BBCEC3D}.AppStore|ARM.ActiveCfg = AppStore|iPhone
		{CA32DBE4-6DE4-45F2-8EF6-AC222BBCEC3D}.AppStore|iPhone.ActiveCfg = AppStore|iPhone
		{CA32DBE4-6DE4-45F2-8EF6-AC222BBCEC3D}.AppStore|iPhone.Build.0 = AppStore|iPhone
		{CA32DBE4-6DE4-45F2-8EF6-AC222BBCEC3D}.AppStore|iPhoneSimulator.ActiveCfg = AppStore|iPhoneSimulator
		{CA32DBE4-6DE4-45F2-8EF6-AC222BBCEC3D}.AppStore|iPhoneSimulator.Build.0 = AppStore|iPhoneSimulator
		{CA32DBE4-6DE4-45F2-8EF6-AC222BBCEC3D}.AppStore|x64.ActiveCfg = AppStore|iPhone
		{CA32DBE4-6DE4-45F2-8EF6-AC222BBCEC3D}.AppStore|x86.ActiveCfg = AppStore|iPhone
		{CA32DBE4-6DE4-45F2-8EF6-AC222BBCEC3D}.Debug|Any CPU.ActiveCfg = Debug|iPhone
		{CA32DBE4-6DE4-45F2-8EF6-AC222BBCEC3D}.Debug|ARM.ActiveCfg = Debug|iPhone
		{CA32DBE4-6DE4-45F2-8EF6-AC222BBCEC3D}.Debug|iPhone.ActiveCfg = Debug|iPhone
		{CA32DBE4-6DE4-45F2-8EF6-AC222BBCEC3D}.Debug|iPhone.Build.0 = Debug|iPhone
		{CA32DBE4-6DE4-45F2-8EF6-AC222BBCEC3D}.Debug|iPhoneSimulator.ActiveCfg = Debug|iPhoneSimulator
		{CA32DBE4-6DE4-45F2-8EF6-AC222BBCEC3D}.Debug|iPhoneSimulator.Build.0 = Debug|iPhoneSimulator
		{CA32DBE4-6DE4-45F2-8EF6-AC222BBCEC3D}.Debug|x64.ActiveCfg = Debug|iPhone
		{CA32DBE4-6DE4-45F2-8EF6-AC222BBCEC3D}.Debug|x86.ActiveCfg = Debug|iPhone
		{CA32DBE4-6DE4-45F2-8EF6-AC222BBCEC3D}.Release|Any CPU.ActiveCfg = Release|iPhone
		{CA32DBE4-6DE4-45F2-8EF6-AC222BBCEC3D}.Release|ARM.ActiveCfg = Release|iPhone
		{CA32DBE4-6DE4-45F2-8EF6-AC222BBCEC3D}.Release|iPhone.ActiveCfg = Release|iPhone
		{CA32DBE4-6DE4-45F2-8EF6-AC222BBCEC3D}.Release|iPhone.Build.0 = Release|iPhone
		{CA32DBE4-6DE4-45F2-8EF6-AC222BBCEC3D}.Release|iPhoneSimulator.ActiveCfg = Release|iPhoneSimulator
		{CA32DBE4-6DE4-45F2-8EF6-AC222BBCEC3D}.Release|iPhoneSimulator.Build.0 = Release|iPhoneSimulator
		{CA32DBE4-6DE4-45F2-8EF6-AC222BBCEC3D}.Release|x64.ActiveCfg = Release|iPhone
		{CA32DBE4-6DE4-45F2-8EF6-AC222BBCEC3D}.Release|x86.ActiveCfg = Release|iPhone
		{DA96AE16-48B0-4660-A577-9A5B293B20F7}.Ad-Hoc|Any CPU.ActiveCfg = Release|x86
		{DA96AE16-48B0-4660-A577-9A5B293B20F7}.Ad-Hoc|Any CPU.Build.0 = Release|x86
		{DA96AE16-48B0-4660-A577-9A5B293B20F7}.Ad-Hoc|Any CPU.Deploy.0 = Release|x86
		{DA96AE16-48B0-4660-A577-9A5B293B20F7}.Ad-Hoc|ARM.ActiveCfg = Release|ARM
		{DA96AE16-48B0-4660-A577-9A5B293B20F7}.Ad-Hoc|ARM.Build.0 = Release|ARM
		{DA96AE16-48B0-4660-A577-9A5B293B20F7}.Ad-Hoc|ARM.Deploy.0 = Release|ARM
		{DA96AE16-48B0-4660-A577-9A5B293B20F7}.Ad-Hoc|iPhone.ActiveCfg = Release|x86
		{DA96AE16-48B0-4660-A577-9A5B293B20F7}.Ad-Hoc|iPhone.Build.0 = Release|x86
		{DA96AE16-48B0-4660-A577-9A5B293B20F7}.Ad-Hoc|iPhone.Deploy.0 = Release|x86
		{DA96AE16-48B0-4660-A577-9A5B293B20F7}.Ad-Hoc|iPhoneSimulator.ActiveCfg = Release|x86
		{DA96AE16-48B0-4660-A577-9A5B293B20F7}.Ad-Hoc|iPhoneSimulator.Build.0 = Release|x86
		{DA96AE16-48B0-4660-A577-9A5B293B20F7}.Ad-Hoc|iPhoneSimulator.Deploy.0 = Release|x86
		{DA96AE16-48B0-4660-A577-9A5B293B20F7}.Ad-Hoc|x64.ActiveCfg = Release|x64
		{DA96AE16-48B0-4660-A577-9A5B293B20F7}.Ad-Hoc|x64.Build.0 = Release|x64
		{DA96AE16-48B0-4660-A577-9A5B293B20F7}.Ad-Hoc|x64.Deploy.0 = Release|x64
		{DA96AE16-48B0-4660-A577-9A5B293B20F7}.Ad-Hoc|x86.ActiveCfg = Release|x86
		{DA96AE16-48B0-4660-A577-9A5B293B20F7}.Ad-Hoc|x86.Build.0 = Release|x86
		{DA96AE16-48B0-4660-A577-9A5B293B20F7}.Ad-Hoc|x86.Deploy.0 = Release|x86
		{DA96AE16-48B0-4660-A577-9A5B293B20F7}.AppStore|Any CPU.ActiveCfg = Release|x86
		{DA96AE16-48B0-4660-A577-9A5B293B20F7}.AppStore|Any CPU.Build.0 = Release|x86
		{DA96AE16-48B0-4660-A577-9A5B293B20F7}.AppStore|Any CPU.Deploy.0 = Release|x86
		{DA96AE16-48B0-4660-A577-9A5B293B20F7}.AppStore|ARM.ActiveCfg = Release|ARM
		{DA96AE16-48B0-4660-A577-9A5B293B20F7}.AppStore|ARM.Build.0 = Release|ARM
		{DA96AE16-48B0-4660-A577-9A5B293B20F7}.AppStore|ARM.Deploy.0 = Release|ARM
		{DA96AE16-48B0-4660-A577-9A5B293B20F7}.AppStore|iPhone.ActiveCfg = Release|x86
		{DA96AE16-48B0-4660-A577-9A5B293B20F7}.AppStore|iPhone.Build.0 = Release|x86
		{DA96AE16-48B0-4660-A577-9A5B293B20F7}.AppStore|iPhone.Deploy.0 = Release|x86
		{DA96AE16-48B0-4660-A577-9A5B293B20F7}.AppStore|iPhoneSimulator.ActiveCfg = Release|x86
		{DA96AE16-48B0-4660-A577-9A5B293B20F7}.AppStore|iPhoneSimulator.Build.0 = Release|x86
		{DA96AE16-48B0-4660-A577-9A5B293B20F7}.AppStore|iPhoneSimulator.Deploy.0 = Release|x86
		{DA96AE16-48B0-4660-A577-9A5B293B20F7}.AppStore|x64.ActiveCfg = Release|x64
		{DA96AE16-48B0-4660-A577-9A5B293B20F7}.AppStore|x64.Build.0 = Release|x64
		{DA96AE16-48B0-4660-A577-9A5B293B20F7}.AppStore|x64.Deploy.0 = Release|x64
		{DA96AE16-48B0-4660-A577-9A5B293B20F7}.AppStore|x86.ActiveCfg = Release|x86
		{DA96AE16-48B0-4660-A577-9A5B293B20F7}.AppStore|x86.Build.0 = Release|x86
		{DA96AE16-48B0-4660-A577-9A5B293B20F7}.AppStore|x86.Deploy.0 = Release|x86
		{DA96AE16-48B0-4660-A577-9A5B293B20F7}.Debug|Any CPU.ActiveCfg = Debug|x86
		{DA96AE16-48B0-4660-A577-9A5B293B20F7}.Debug|ARM.ActiveCfg = Debug|ARM
		{DA96AE16-48B0-4660-A577-9A5B293B20F7}.Debug|ARM.Build.0 = Debug|ARM
		{DA96AE16-48B0-4660-A577-9A5B293B20F7}.Debug|ARM.Deploy.0 = Debug|ARM
		{DA96AE16-48B0-4660-A577-9A5B293B20F7}.Debug|iPhone.ActiveCfg = Debug|x86
		{DA96AE16-48B0-4660-A577-9A5B293B20F7}.Debug|iPhoneSimulator.ActiveCfg = Debug|x86
		{DA96AE16-48B0-4660-A577-9A5B293B20F7}.Debug|x64.ActiveCfg = Debug|x64
		{DA96AE16-48B0-4660-A577-9A5B293B20F7}.Debug|x64.Build.0 = Debug|x64
		{DA96AE16-48B0-4660-A577-9A5B293B20F7}.Debug|x64.Deploy.0 = Debug|x64
		{DA96AE16-48B0-4660-A577-9A5B293B20F7}.Debug|x86.ActiveCfg = Debug|x86
		{DA96AE16-48B0-4660-A577-9A5B293B20F7}.Debug|x86.Build.0 = Debug|x86
		{DA96AE16-48B0-4660-A577-9A5B293B20F7}.Debug|x86.Deploy.0 = Debug|x86
		{DA96AE16-48B0-4660-A577-9A5B293B20F7}.Release|Any CPU.ActiveCfg = Release|x86
		{DA96AE16-48B0-4660-A577-9A5B293B20F7}.Release|ARM.ActiveCfg = Release|ARM
		{DA96AE16-48B0-4660-A577-9A5B293B20F7}.Release|ARM.Build.0 = Release|ARM
		{DA96AE16-48B0-4660-A577-9A5B293B20F7}.Release|ARM.Deploy.0 = Release|ARM
		{DA96AE16-48B0-4660-A577-9A5B293B20F7}.Release|iPhone.ActiveCfg = Release|x86
		{DA96AE16-48B0-4660-A577-9A5B293B20F7}.Release|iPhoneSimulator.ActiveCfg = Release|x86
		{DA96AE16-48B0-4660-A577-9A5B293B20F7}.Release|x64.ActiveCfg = Release|x64
		{DA96AE16-48B0-4660-A577-9A5B293B20F7}.Release|x64.Build.0 = Release|x64
		{DA96AE16-48B0-4660-A577-9A5B293B20F7}.Release|x64.Deploy.0 = Release|x64
		{DA96AE16-48B0-4660-A577-9A5B293B20F7}.Release|x86.ActiveCfg = Release|x86
		{DA96AE16-48B0-4660-A577-9A5B293B20F7}.Release|x86.Build.0 = Release|x86
		{DA96AE16-48B0-4660-A577-9A5B293B20F7}.Release|x86.Deploy.0 = Release|x86
		{852AAED3-1134-4BDC-BD85-B2B1C4AB12A1}.Ad-Hoc|Any CPU.ActiveCfg = Debug|Any CPU
		{852AAED3-1134-4BDC-BD85-B2B1C4AB12A1}.Ad-Hoc|Any CPU.Build.0 = Debug|Any CPU
		{852AAED3-1134-4BDC-BD85-B2B1C4AB12A1}.Ad-Hoc|ARM.ActiveCfg = Debug|Any CPU
		{852AAED3-1134-4BDC-BD85-B2B1C4AB12A1}.Ad-Hoc|ARM.Build.0 = Debug|Any CPU
		{852AAED3-1134-4BDC-BD85-B2B1C4AB12A1}.Ad-Hoc|iPhone.ActiveCfg = Debug|Any CPU
		{852AAED3-1134-4BDC-BD85-B2B1C4AB12A1}.Ad-Hoc|iPhone.Build.0 = Debug|Any CPU
		{852AAED3-1134-4BDC-BD85-B2B1C4AB12A1}.Ad-Hoc|iPhoneSimulator.ActiveCfg = Debug|Any CPU
		{852AAED3-1134-4BDC-BD85-B2B1C4AB12A1}.Ad-Hoc|iPhoneSimulator.Build.0 = Debug|Any CPU
		{852AAED3-1134-4BDC-BD85-B2B1C4AB12A1}.Ad-Hoc|x64.ActiveCfg = Debug|Any CPU
		{852AAED3-1134-4BDC-BD85-B2B1C4AB12A1}.Ad-Hoc|x64.Build.0 = Debug|Any CPU
		{852AAED3-1134-4BDC-BD85-B2B1C4AB12A1}.Ad-Hoc|x86.ActiveCfg = Debug|Any CPU
		{852AAED3-1134-4BDC-BD85-B2B1C4AB12A1}.Ad-Hoc|x86.Build.0 = Debug|Any CPU
		{852AAED3-1134-4BDC-BD85-B2B1C4AB12A1}.AppStore|Any CPU.ActiveCfg = Debug|Any CPU
		{852AAED3-1134-4BDC-BD85-B2B1C4AB12A1}.AppStore|Any CPU.Build.0 = Debug|Any CPU
		{852AAED3-1134-4BDC-BD85-B2B1C4AB12A1}.AppStore|ARM.ActiveCfg = Debug|Any CPU
		{852AAED3-1134-4BDC-BD85-B2B1C4AB12A1}.AppStore|ARM.Build.0 = Debug|Any CPU
		{852AAED3-1134-4BDC-BD85-B2B1C4AB12A1}.AppStore|iPhone.ActiveCfg = Debug|Any CPU
		{852AAED3-1134-4BDC-BD85-B2B1C4AB12A1}.AppStore|iPhone.Build.0 = Debug|Any CPU
		{852AAED3-1134-4BDC-BD85-B2B1C4AB12A1}.AppStore|iPhoneSimulator.ActiveCfg = Debug|Any CPU
		{852AAED3-1134-4BDC-BD85-B2B1C4AB12A1}.AppStore|iPhoneSimulator.Build.0 = Debug|Any CPU
		{852AAED3-1134-4BDC-BD85-B2B1C4AB12A1}.AppStore|x64.ActiveCfg = Debug|Any CPU
		{852AAED3-1134-4BDC-BD85-B2B1C4AB12A1}.AppStore|x64.Build.0 = Debug|Any CPU
		{852AAED3-1134-4BDC-BD85-B2B1C4AB12A1}.AppStore|x86.ActiveCfg = Debug|Any CPU
		{852AAED3-1134-4BDC-BD85-B2B1C4AB12A1}.AppStore|x86.Build.0 = Debug|Any CPU
		{852AAED3-1134-4BDC-BD85-B2B1C4AB12A1}.Debug|Any CPU.ActiveCfg = Debug|Any CPU
		{852AAED3-1134-4BDC-BD85-B2B1C4AB12A1}.Debug|Any CPU.Build.0 = Debug|Any CPU
		{852AAED3-1134-4BDC-BD85-B2B1C4AB12A1}.Debug|ARM.ActiveCfg = Debug|Any CPU
		{852AAED3-1134-4BDC-BD85-B2B1C4AB12A1}.Debug|ARM.Build.0 = Debug|Any CPU
		{852AAED3-1134-4BDC-BD85-B2B1C4AB12A1}.Debug|iPhone.ActiveCfg = Debug|Any CPU
		{852AAED3-1134-4BDC-BD85-B2B1C4AB12A1}.Debug|iPhone.Build.0 = Debug|Any CPU
		{852AAED3-1134-4BDC-BD85-B2B1C4AB12A1}.Debug|iPhoneSimulator.ActiveCfg = Debug|Any CPU
		{852AAED3-1134-4BDC-BD85-B2B1C4AB12A1}.Debug|iPhoneSimulator.Build.0 = Debug|Any CPU
		{852AAED3-1134-4BDC-BD85-B2B1C4AB12A1}.Debug|x64.ActiveCfg = Debug|Any CPU
		{852AAED3-1134-4BDC-BD85-B2B1C4AB12A1}.Debug|x64.Build.0 = Debug|Any CPU
		{852AAED3-1134-4BDC-BD85-B2B1C4AB12A1}.Debug|x86.ActiveCfg = Debug|Any CPU
		{852AAED3-1134-4BDC-BD85-B2B1C4AB12A1}.Debug|x86.Build.0 = Debug|Any CPU
		{852AAED3-1134-4BDC-BD85-B2B1C4AB12A1}.Release|Any CPU.ActiveCfg = Release|Any CPU
		{852AAED3-1134-4BDC-BD85-B2B1C4AB12A1}.Release|Any CPU.Build.0 = Release|Any CPU
		{852AAED3-1134-4BDC-BD85-B2B1C4AB12A1}.Release|ARM.ActiveCfg = Release|Any CPU
		{852AAED3-1134-4BDC-BD85-B2B1C4AB12A1}.Release|ARM.Build.0 = Release|Any CPU
		{852AAED3-1134-4BDC-BD85-B2B1C4AB12A1}.Release|iPhone.ActiveCfg = Release|Any CPU
		{852AAED3-1134-4BDC-BD85-B2B1C4AB12A1}.Release|iPhone.Build.0 = Release|Any CPU
		{852AAED3-1134-4BDC-BD85-B2B1C4AB12A1}.Release|iPhoneSimulator.ActiveCfg = Release|Any CPU
		{852AAED3-1134-4BDC-BD85-B2B1C4AB12A1}.Release|iPhoneSimulator.Build.0 = Release|Any CPU
		{852AAED3-1134-4BDC-BD85-B2B1C4AB12A1}.Release|x64.ActiveCfg = Release|Any CPU
		{852AAED3-1134-4BDC-BD85-B2B1C4AB12A1}.Release|x64.Build.0 = Release|Any CPU
		{852AAED3-1134-4BDC-BD85-B2B1C4AB12A1}.Release|x86.ActiveCfg = Release|Any CPU
		{852AAED3-1134-4BDC-BD85-B2B1C4AB12A1}.Release|x86.Build.0 = Release|Any CPU
	EndGlobalSection
	GlobalSection(SolutionProperties) = preSolution
		HideSolutionNode = FALSE
	EndGlobalSection
	GlobalSection(ExtensibilityGlobals) = postSolution
		SolutionGuid = {12E706F5-39C6-49F6-B061-5D9FF7EB27B6}
	EndGlobalSection
EndGlobal
