
Microsoft Visual Studio Solution File, Format Version 12.00
# Visual Studio 15
VisualStudioVersion = 15.0.27130.2027
MinimumVisualStudioVersion = 10.0.40219.1
Project("{FAE04EC0-301F-11D3-BF4B-00C04F79EFBC}") = "XamlSamples.Android", "XamlSamples\XamlSamples.Android\XamlSamples.Android.csproj", "{17D5A3AF-1801-45C3-9E4A-FFC99B10DF11}"
EndProject
Project("{FAE04EC0-301F-11D3-BF4B-00C04F79EFBC}") = "XamlSamples.iOS", "XamlSamples\XamlSamples.iOS\XamlSamples.iOS.csproj", "{B26C0816-1420-4F55-91D2-CAFDBFE18148}"
EndProject
Project("{FAE04EC0-301F-11D3-BF4B-00C04F79EFBC}") = "XamlSamples.UWP", "XamlSamples\XamlSamples.UWP\XamlSamples.UWP.csproj", "{984382FE-DED4-4D03-AE4A-9368AC52BA67}"
EndProject
Project("{FAE04EC0-301F-11D3-BF4B-00C04F79EFBC}") = "XamlSamples", "XamlSamples\XamlSamples\XamlSamples.csproj", "{69744B53-220F-44D3-A666-ACBDE5CE3062}"
EndProject
Global
	GlobalSection(SolutionConfigurationPlatforms) = preSolution
		Ad-Hoc|Any CPU = Ad-Hoc|Any CPU
		Ad-Hoc|ARM = Ad-Hoc|ARM
		Ad-Hoc|iPhone = Ad-Hoc|iPhone
		Ad-Hoc|iPhoneSimulator = Ad-Hoc|iPhoneSimulator
		Ad-Hoc|x64 = Ad-Hoc|x64
		Ad-Hoc|x86 = Ad-Hoc|x86
		AppStore|Any CPU = AppStore|Any CPU
		AppStore|ARM = AppStore|ARM
		AppStore|iPhone = AppStore|iPhone
		AppStore|iPhoneSimulator = AppStore|iPhoneSimulator
		AppStore|x64 = AppStore|x64
		AppStore|x86 = AppStore|x86
		Debug|Any CPU = Debug|Any CPU
		Debug|ARM = Debug|ARM
		Debug|iPhone = Debug|iPhone
		Debug|iPhoneSimulator = Debug|iPhoneSimulator
		Debug|x64 = Debug|x64
		Debug|x86 = Debug|x86
		Release|Any CPU = Release|Any CPU
		Release|ARM = Release|ARM
		Release|iPhone = Release|iPhone
		Release|iPhoneSimulator = Release|iPhoneSimulator
		Release|x64 = Release|x64
		Release|x86 = Release|x86
	EndGlobalSection
	GlobalSection(ProjectConfigurationPlatforms) = postSolution
		{17D5A3AF-1801-45C3-9E4A-FFC99B10DF11}.Ad-Hoc|Any CPU.ActiveCfg = Release|Any CPU
		{17D5A3AF-1801-45C3-9E4A-FFC99B10DF11}.Ad-Hoc|Any CPU.Build.0 = Release|Any CPU
		{17D5A3AF-1801-45C3-9E4A-FFC99B10DF11}.Ad-Hoc|Any CPU.Deploy.0 = Release|Any CPU
		{17D5A3AF-1801-45C3-9E4A-FFC99B10DF11}.Ad-Hoc|ARM.ActiveCfg = Release|Any CPU
		{17D5A3AF-1801-45C3-9E4A-FFC99B10DF11}.Ad-Hoc|ARM.Build.0 = Release|Any CPU
		{17D5A3AF-1801-45C3-9E4A-FFC99B10DF11}.Ad-Hoc|ARM.Deploy.0 = Release|Any CPU
		{17D5A3AF-1801-45C3-9E4A-FFC99B10DF11}.Ad-Hoc|iPhone.ActiveCfg = Release|Any CPU
		{17D5A3AF-1801-45C3-9E4A-FFC99B10DF11}.Ad-Hoc|iPhone.Build.0 = Release|Any CPU
		{17D5A3AF-1801-45C3-9E4A-FFC99B10DF11}.Ad-Hoc|iPhone.Deploy.0 = Release|Any CPU
		{17D5A3AF-1801-45C3-9E4A-FFC99B10DF11}.Ad-Hoc|iPhoneSimulator.ActiveCfg = Release|Any CPU
		{17D5A3AF-1801-45C3-9E4A-FFC99B10DF11}.Ad-Hoc|iPhoneSimulator.Build.0 = Release|Any CPU
		{17D5A3AF-1801-45C3-9E4A-FFC99B10DF11}.Ad-Hoc|iPhoneSimulator.Deploy.0 = Release|Any CPU
		{17D5A3AF-1801-45C3-9E4A-FFC99B10DF11}.Ad-Hoc|x64.ActiveCfg = Release|Any CPU
		{17D5A3AF-1801-45C3-9E4A-FFC99B10DF11}.Ad-Hoc|x64.Build.0 = Release|Any CPU
		{17D5A3AF-1801-45C3-9E4A-FFC99B10DF11}.Ad-Hoc|x64.Deploy.0 = Release|Any CPU
		{17D5A3AF-1801-45C3-9E4A-FFC99B10DF11}.Ad-Hoc|x86.ActiveCfg = Release|Any CPU
		{17D5A3AF-1801-45C3-9E4A-FFC99B10DF11}.Ad-Hoc|x86.Build.0 = Release|Any CPU
		{17D5A3AF-1801-45C3-9E4A-FFC99B10DF11}.Ad-Hoc|x86.Deploy.0 = Release|Any CPU
		{17D5A3AF-1801-45C3-9E4A-FFC99B10DF11}.AppStore|Any CPU.ActiveCfg = Release|Any CPU
		{17D5A3AF-1801-45C3-9E4A-FFC99B10DF11}.AppStore|Any CPU.Build.0 = Release|Any CPU
		{17D5A3AF-1801-45C3-9E4A-FFC99B10DF11}.AppStore|Any CPU.Deploy.0 = Release|Any CPU
		{17D5A3AF-1801-45C3-9E4A-FFC99B10DF11}.AppStore|ARM.ActiveCfg = Release|Any CPU
		{17D5A3AF-1801-45C3-9E4A-FFC99B10DF11}.AppStore|ARM.Build.0 = Release|Any CPU
		{17D5A3AF-1801-45C3-9E4A-FFC99B10DF11}.AppStore|ARM.Deploy.0 = Release|Any CPU
		{17D5A3AF-1801-45C3-9E4A-FFC99B10DF11}.AppStore|iPhone.ActiveCfg = Release|Any CPU
		{17D5A3AF-1801-45C3-9E4A-FFC99B10DF11}.AppStore|iPhone.Build.0 = Release|Any CPU
		{17D5A3AF-1801-45C3-9E4A-FFC99B10DF11}.AppStore|iPhone.Deploy.0 = Release|Any CPU
		{17D5A3AF-1801-45C3-9E4A-FFC99B10DF11}.AppStore|iPhoneSimulator.ActiveCfg = Release|Any CPU
		{17D5A3AF-1801-45C3-9E4A-FFC99B10DF11}.AppStore|iPhoneSimulator.Build.0 = Release|Any CPU
		{17D5A3AF-1801-45C3-9E4A-FFC99B10DF11}.AppStore|iPhoneSimulator.Deploy.0 = Release|Any CPU
		{17D5A3AF-1801-45C3-9E4A-FFC99B10DF11}.AppStore|x64.ActiveCfg = Release|Any CPU
		{17D5A3AF-1801-45C3-9E4A-FFC99B10DF11}.AppStore|x64.Build.0 = Release|Any CPU
		{17D5A3AF-1801-45C3-9E4A-FFC99B10DF11}.AppStore|x64.Deploy.0 = Release|Any CPU
		{17D5A3AF-1801-45C3-9E4A-FFC99B10DF11}.AppStore|x86.ActiveCfg = Release|Any CPU
		{17D5A3AF-1801-45C3-9E4A-FFC99B10DF11}.AppStore|x86.Build.0 = Release|Any CPU
		{17D5A3AF-1801-45C3-9E4A-FFC99B10DF11}.AppStore|x86.Deploy.0 = Release|Any CPU
		{17D5A3AF-1801-45C3-9E4A-FFC99B10DF11}.Debug|Any CPU.ActiveCfg = Debug|Any CPU
		{17D5A3AF-1801-45C3-9E4A-FFC99B10DF11}.Debug|Any CPU.Build.0 = Debug|Any CPU
		{17D5A3AF-1801-45C3-9E4A-FFC99B10DF11}.Debug|Any CPU.Deploy.0 = Debug|Any CPU
		{17D5A3AF-1801-45C3-9E4A-FFC99B10DF11}.Debug|ARM.ActiveCfg = Debug|Any CPU
		{17D5A3AF-1801-45C3-9E4A-FFC99B10DF11}.Debug|ARM.Build.0 = Debug|Any CPU
		{17D5A3AF-1801-45C3-9E4A-FFC99B10DF11}.Debug|ARM.Deploy.0 = Debug|Any CPU
		{17D5A3AF-1801-45C3-9E4A-FFC99B10DF11}.Debug|iPhone.ActiveCfg = Debug|Any CPU
		{17D5A3AF-1801-45C3-9E4A-FFC99B10DF11}.Debug|iPhone.Build.0 = Debug|Any CPU
		{17D5A3AF-1801-45C3-9E4A-FFC99B10DF11}.Debug|iPhone.Deploy.0 = Debug|Any CPU
		{17D5A3AF-1801-45C3-9E4A-FFC99B10DF11}.Debug|iPhoneSimulator.ActiveCfg = Debug|Any CPU
		{17D5A3AF-1801-45C3-9E4A-FFC99B10DF11}.Debug|iPhoneSimulator.Build.0 = Debug|Any CPU
		{17D5A3AF-1801-45C3-9E4A-FFC99B10DF11}.Debug|iPhoneSimulator.Deploy.0 = Debug|Any CPU
		{17D5A3AF-1801-45C3-9E4A-FFC99B10DF11}.Debug|x64.ActiveCfg = Debug|Any CPU
		{17D5A3AF-1801-45C3-9E4A-FFC99B10DF11}.Debug|x64.Build.0 = Debug|Any CPU
		{17D5A3AF-1801-45C3-9E4A-FFC99B10DF11}.Debug|x64.Deploy.0 = Debug|Any CPU
		{17D5A3AF-1801-45C3-9E4A-FFC99B10DF11}.Debug|x86.ActiveCfg = Debug|Any CPU
		{17D5A3AF-1801-45C3-9E4A-FFC99B10DF11}.Debug|x86.Build.0 = Debug|Any CPU
		{17D5A3AF-1801-45C3-9E4A-FFC99B10DF11}.Debug|x86.Deploy.0 = Debug|Any CPU
		{17D5A3AF-1801-45C3-9E4A-FFC99B10DF11}.Release|Any CPU.ActiveCfg = Release|Any CPU
		{17D5A3AF-1801-45C3-9E4A-FFC99B10DF11}.Release|Any CPU.Build.0 = Release|Any CPU
		{17D5A3AF-1801-45C3-9E4A-FFC99B10DF11}.Release|Any CPU.Deploy.0 = Release|Any CPU
		{17D5A3AF-1801-45C3-9E4A-FFC99B10DF11}.Release|ARM.ActiveCfg = Release|Any CPU
		{17D5A3AF-1801-45C3-9E4A-FFC99B10DF11}.Release|ARM.Build.0 = Release|Any CPU
		{17D5A3AF-1801-45C3-9E4A-FFC99B10DF11}.Release|ARM.Deploy.0 = Release|Any CPU
		{17D5A3AF-1801-45C3-9E4A-FFC99B10DF11}.Release|iPhone.ActiveCfg = Release|Any CPU
		{17D5A3AF-1801-45C3-9E4A-FFC99B10DF11}.Release|iPhone.Build.0 = Release|Any CPU
		{17D5A3AF-1801-45C3-9E4A-FFC99B10DF11}.Release|iPhone.Deploy.0 = Release|Any CPU
		{17D5A3AF-1801-45C3-9E4A-FFC99B10DF11}.Release|iPhoneSimulator.ActiveCfg = Release|Any CPU
		{17D5A3AF-1801-45C3-9E4A-FFC99B10DF11}.Release|iPhoneSimulator.Build.0 = Release|Any CPU
		{17D5A3AF-1801-45C3-9E4A-FFC99B10DF11}.Release|iPhoneSimulator.Deploy.0 = Release|Any CPU
		{17D5A3AF-1801-45C3-9E4A-FFC99B10DF11}.Release|x64.ActiveCfg = Release|Any CPU
		{17D5A3AF-1801-45C3-9E4A-FFC99B10DF11}.Release|x64.Build.0 = Release|Any CPU
		{17D5A3AF-1801-45C3-9E4A-FFC99B10DF11}.Release|x64.Deploy.0 = Release|Any CPU
		{17D5A3AF-1801-45C3-9E4A-FFC99B10DF11}.Release|x86.ActiveCfg = Release|Any CPU
		{17D5A3AF-1801-45C3-9E4A-FFC99B10DF11}.Release|x86.Build.0 = Release|Any CPU
		{17D5A3AF-1801-45C3-9E4A-FFC99B10DF11}.Release|x86.Deploy.0 = Release|Any CPU
		{B26C0816-1420-4F55-91D2-CAFDBFE18148}.Ad-Hoc|Any CPU.ActiveCfg = Ad-Hoc|iPhone
		{B26C0816-1420-4F55-91D2-CAFDBFE18148}.Ad-Hoc|ARM.ActiveCfg = Ad-Hoc|iPhone
		{B26C0816-1420-4F55-91D2-CAFDBFE18148}.Ad-Hoc|iPhone.ActiveCfg = Ad-Hoc|iPhone
		{B26C0816-1420-4F55-91D2-CAFDBFE18148}.Ad-Hoc|iPhone.Build.0 = Ad-Hoc|iPhone
		{B26C0816-1420-4F55-91D2-CAFDBFE18148}.Ad-Hoc|iPhoneSimulator.ActiveCfg = Ad-Hoc|iPhoneSimulator
		{B26C0816-1420-4F55-91D2-CAFDBFE18148}.Ad-Hoc|iPhoneSimulator.Build.0 = Ad-Hoc|iPhoneSimulator
		{B26C0816-1420-4F55-91D2-CAFDBFE18148}.Ad-Hoc|x64.ActiveCfg = Ad-Hoc|iPhone
		{B26C0816-1420-4F55-91D2-CAFDBFE18148}.Ad-Hoc|x86.ActiveCfg = Ad-Hoc|iPhone
		{B26C0816-1420-4F55-91D2-CAFDBFE18148}.AppStore|Any CPU.ActiveCfg = AppStore|iPhone
		{B26C0816-1420-4F55-91D2-CAFDBFE18148}.AppStore|ARM.ActiveCfg = AppStore|iPhone
		{B26C0816-1420-4F55-91D2-CAFDBFE18148}.AppStore|iPhone.ActiveCfg = AppStore|iPhone
		{B26C0816-1420-4F55-91D2-CAFDBFE18148}.AppStore|iPhone.Build.0 = AppStore|iPhone
		{B26C0816-1420-4F55-91D2-CAFDBFE18148}.AppStore|iPhoneSimulator.ActiveCfg = AppStore|iPhoneSimulator
		{B26C0816-1420-4F55-91D2-CAFDBFE18148}.AppStore|iPhoneSimulator.Build.0 = AppStore|iPhoneSimulator
		{B26C0816-1420-4F55-91D2-CAFDBFE18148}.AppStore|x64.ActiveCfg = AppStore|iPhone
		{B26C0816-1420-4F55-91D2-CAFDBFE18148}.AppStore|x86.ActiveCfg = AppStore|iPhone
		{B26C0816-1420-4F55-91D2-CAFDBFE18148}.Debug|Any CPU.ActiveCfg = Debug|iPhone
		{B26C0816-1420-4F55-91D2-CAFDBFE18148}.Debug|ARM.ActiveCfg = Debug|iPhone
		{B26C0816-1420-4F55-91D2-CAFDBFE18148}.Debug|iPhone.ActiveCfg = Debug|iPhone
		{B26C0816-1420-4F55-91D2-CAFDBFE18148}.Debug|iPhone.Build.0 = Debug|iPhone
		{B26C0816-1420-4F55-91D2-CAFDBFE18148}.Debug|iPhoneSimulator.ActiveCfg = Debug|iPhoneSimulator
		{B26C0816-1420-4F55-91D2-CAFDBFE18148}.Debug|iPhoneSimulator.Build.0 = Debug|iPhoneSimulator
		{B26C0816-1420-4F55-91D2-CAFDBFE18148}.Debug|x64.ActiveCfg = Debug|iPhone
		{B26C0816-1420-4F55-91D2-CAFDBFE18148}.Debug|x86.ActiveCfg = Debug|iPhone
		{B26C0816-1420-4F55-91D2-CAFDBFE18148}.Release|Any CPU.ActiveCfg = Release|iPhone
		{B26C0816-1420-4F55-91D2-CAFDBFE18148}.Release|ARM.ActiveCfg = Release|iPhone
		{B26C0816-1420-4F55-91D2-CAFDBFE18148}.Release|iPhone.ActiveCfg = Release|iPhone
		{B26C0816-1420-4F55-91D2-CAFDBFE18148}.Release|iPhone.Build.0 = Release|iPhone
		{B26C0816-1420-4F55-91D2-CAFDBFE18148}.Release|iPhoneSimulator.ActiveCfg = Release|iPhoneSimulator
		{B26C0816-1420-4F55-91D2-CAFDBFE18148}.Release|iPhoneSimulator.Build.0 = Release|iPhoneSimulator
		{B26C0816-1420-4F55-91D2-CAFDBFE18148}.Release|x64.ActiveCfg = Release|iPhone
		{B26C0816-1420-4F55-91D2-CAFDBFE18148}.Release|x86.ActiveCfg = Release|iPhone
		{984382FE-DED4-4D03-AE4A-9368AC52BA67}.Ad-Hoc|Any CPU.ActiveCfg = Release|x86
		{984382FE-DED4-4D03-AE4A-9368AC52BA67}.Ad-Hoc|Any CPU.Build.0 = Release|x86
		{984382FE-DED4-4D03-AE4A-9368AC52BA67}.Ad-Hoc|Any CPU.Deploy.0 = Release|x86
		{984382FE-DED4-4D03-AE4A-9368AC52BA67}.Ad-Hoc|ARM.ActiveCfg = Release|ARM
		{984382FE-DED4-4D03-AE4A-9368AC52BA67}.Ad-Hoc|ARM.Build.0 = Release|ARM
		{984382FE-DED4-4D03-AE4A-9368AC52BA67}.Ad-Hoc|ARM.Deploy.0 = Release|ARM
		{984382FE-DED4-4D03-AE4A-9368AC52BA67}.Ad-Hoc|iPhone.ActiveCfg = Release|x86
		{984382FE-DED4-4D03-AE4A-9368AC52BA67}.Ad-Hoc|iPhone.Build.0 = Release|x86
		{984382FE-DED4-4D03-AE4A-9368AC52BA67}.Ad-Hoc|iPhone.Deploy.0 = Release|x86
		{984382FE-DED4-4D03-AE4A-9368AC52BA67}.Ad-Hoc|iPhoneSimulator.ActiveCfg = Release|x86
		{984382FE-DED4-4D03-AE4A-9368AC52BA67}.Ad-Hoc|iPhoneSimulator.Build.0 = Release|x86
		{984382FE-DED4-4D03-AE4A-9368AC52BA67}.Ad-Hoc|iPhoneSimulator.Deploy.0 = Release|x86
		{984382FE-DED4-4D03-AE4A-9368AC52BA67}.Ad-Hoc|x64.ActiveCfg = Release|x64
		{984382FE-DED4-4D03-AE4A-9368AC52BA67}.Ad-Hoc|x64.Build.0 = Release|x64
		{984382FE-DED4-4D03-AE4A-9368AC52BA67}.Ad-Hoc|x64.Deploy.0 = Release|x64
		{984382FE-DED4-4D03-AE4A-9368AC52BA67}.Ad-Hoc|x86.ActiveCfg = Release|x86
		{984382FE-DED4-4D03-AE4A-9368AC52BA67}.Ad-Hoc|x86.Build.0 = Release|x86
		{984382FE-DED4-4D03-AE4A-9368AC52BA67}.Ad-Hoc|x86.Deploy.0 = Release|x86
		{984382FE-DED4-4D03-AE4A-9368AC52BA67}.AppStore|Any CPU.ActiveCfg = Release|x86
		{984382FE-DED4-4D03-AE4A-9368AC52BA67}.AppStore|Any CPU.Build.0 = Release|x86
		{984382FE-DED4-4D03-AE4A-9368AC52BA67}.AppStore|Any CPU.Deploy.0 = Release|x86
		{984382FE-DED4-4D03-AE4A-9368AC52BA67}.AppStore|ARM.ActiveCfg = Release|ARM
		{984382FE-DED4-4D03-AE4A-9368AC52BA67}.AppStore|ARM.Build.0 = Release|ARM
		{984382FE-DED4-4D03-AE4A-9368AC52BA67}.AppStore|ARM.Deploy.0 = Release|ARM
		{984382FE-DED4-4D03-AE4A-9368AC52BA67}.AppStore|iPhone.ActiveCfg = Release|x86
		{984382FE-DED4-4D03-AE4A-9368AC52BA67}.AppStore|iPhone.Build.0 = Release|x86
		{984382FE-DED4-4D03-AE4A-9368AC52BA67}.AppStore|iPhone.Deploy.0 = Release|x86
		{984382FE-DED4-4D03-AE4A-9368AC52BA67}.AppStore|iPhoneSimulator.ActiveCfg = Release|x86
		{984382FE-DED4-4D03-AE4A-9368AC52BA67}.AppStore|iPhoneSimulator.Build.0 = Release|x86
		{984382FE-DED4-4D03-AE4A-9368AC52BA67}.AppStore|iPhoneSimulator.Deploy.0 = Release|x86
		{984382FE-DED4-4D03-AE4A-9368AC52BA67}.AppStore|x64.ActiveCfg = Release|x64
		{984382FE-DED4-4D03-AE4A-9368AC52BA67}.AppStore|x64.Build.0 = Release|x64
		{984382FE-DED4-4D03-AE4A-9368AC52BA67}.AppStore|x64.Deploy.0 = Release|x64
		{984382FE-DED4-4D03-AE4A-9368AC52BA67}.AppStore|x86.ActiveCfg = Release|x86
		{984382FE-DED4-4D03-AE4A-9368AC52BA67}.AppStore|x86.Build.0 = Release|x86
		{984382FE-DED4-4D03-AE4A-9368AC52BA67}.AppStore|x86.Deploy.0 = Release|x86
		{984382FE-DED4-4D03-AE4A-9368AC52BA67}.Debug|Any CPU.ActiveCfg = Debug|x86
		{984382FE-DED4-4D03-AE4A-9368AC52BA67}.Debug|ARM.ActiveCfg = Debug|ARM
		{984382FE-DED4-4D03-AE4A-9368AC52BA67}.Debug|ARM.Build.0 = Debug|ARM
		{984382FE-DED4-4D03-AE4A-9368AC52BA67}.Debug|ARM.Deploy.0 = Debug|ARM
		{984382FE-DED4-4D03-AE4A-9368AC52BA67}.Debug|iPhone.ActiveCfg = Debug|x86
		{984382FE-DED4-4D03-AE4A-9368AC52BA67}.Debug|iPhoneSimulator.ActiveCfg = Debug|x86
		{984382FE-DED4-4D03-AE4A-9368AC52BA67}.Debug|x64.ActiveCfg = Debug|x64
		{984382FE-DED4-4D03-AE4A-9368AC52BA67}.Debug|x64.Build.0 = Debug|x64
		{984382FE-DED4-4D03-AE4A-9368AC52BA67}.Debug|x64.Deploy.0 = Debug|x64
		{984382FE-DED4-4D03-AE4A-9368AC52BA67}.Debug|x86.ActiveCfg = Debug|x86
		{984382FE-DED4-4D03-AE4A-9368AC52BA67}.Debug|x86.Build.0 = Debug|x86
		{984382FE-DED4-4D03-AE4A-9368AC52BA67}.Debug|x86.Deploy.0 = Debug|x86
		{984382FE-DED4-4D03-AE4A-9368AC52BA67}.Release|Any CPU.ActiveCfg = Release|x86
		{984382FE-DED4-4D03-AE4A-9368AC52BA67}.Release|ARM.ActiveCfg = Release|ARM
		{984382FE-DED4-4D03-AE4A-9368AC52BA67}.Release|ARM.Build.0 = Release|ARM
		{984382FE-DED4-4D03-AE4A-9368AC52BA67}.Release|ARM.Deploy.0 = Release|ARM
		{984382FE-DED4-4D03-AE4A-9368AC52BA67}.Release|iPhone.ActiveCfg = Release|x86
		{984382FE-DED4-4D03-AE4A-9368AC52BA67}.Release|iPhoneSimulator.ActiveCfg = Release|x86
		{984382FE-DED4-4D03-AE4A-9368AC52BA67}.Release|x64.ActiveCfg = Release|x64
		{984382FE-DED4-4D03-AE4A-9368AC52BA67}.Release|x64.Build.0 = Release|x64
		{984382FE-DED4-4D03-AE4A-9368AC52BA67}.Release|x64.Deploy.0 = Release|x64
		{984382FE-DED4-4D03-AE4A-9368AC52BA67}.Release|x86.ActiveCfg = Release|x86
		{984382FE-DED4-4D03-AE4A-9368AC52BA67}.Release|x86.Build.0 = Release|x86
		{984382FE-DED4-4D03-AE4A-9368AC52BA67}.Release|x86.Deploy.0 = Release|x86
		{69744B53-220F-44D3-A666-ACBDE5CE3062}.Ad-Hoc|Any CPU.ActiveCfg = Debug|Any CPU
		{69744B53-220F-44D3-A666-ACBDE5CE3062}.Ad-Hoc|Any CPU.Build.0 = Debug|Any CPU
		{69744B53-220F-44D3-A666-ACBDE5CE3062}.Ad-Hoc|ARM.ActiveCfg = Debug|Any CPU
		{69744B53-220F-44D3-A666-ACBDE5CE3062}.Ad-Hoc|ARM.Build.0 = Debug|Any CPU
		{69744B53-220F-44D3-A666-ACBDE5CE3062}.Ad-Hoc|iPhone.ActiveCfg = Debug|Any CPU
		{69744B53-220F-44D3-A666-ACBDE5CE3062}.Ad-Hoc|iPhone.Build.0 = Debug|Any CPU
		{69744B53-220F-44D3-A666-ACBDE5CE3062}.Ad-Hoc|iPhoneSimulator.ActiveCfg = Debug|Any CPU
		{69744B53-220F-44D3-A666-ACBDE5CE3062}.Ad-Hoc|iPhoneSimulator.Build.0 = Debug|Any CPU
		{69744B53-220F-44D3-A666-ACBDE5CE3062}.Ad-Hoc|x64.ActiveCfg = Debug|Any CPU
		{69744B53-220F-44D3-A666-ACBDE5CE3062}.Ad-Hoc|x64.Build.0 = Debug|Any CPU
		{69744B53-220F-44D3-A666-ACBDE5CE3062}.Ad-Hoc|x86.ActiveCfg = Debug|Any CPU
		{69744B53-220F-44D3-A666-ACBDE5CE3062}.Ad-Hoc|x86.Build.0 = Debug|Any CPU
		{69744B53-220F-44D3-A666-ACBDE5CE3062}.AppStore|Any CPU.ActiveCfg = Debug|Any CPU
		{69744B53-220F-44D3-A666-ACBDE5CE3062}.AppStore|Any CPU.Build.0 = Debug|Any CPU
		{69744B53-220F-44D3-A666-ACBDE5CE3062}.AppStore|ARM.ActiveCfg = Debug|Any CPU
		{69744B53-220F-44D3-A666-ACBDE5CE3062}.AppStore|ARM.Build.0 = Debug|Any CPU
		{69744B53-220F-44D3-A666-ACBDE5CE3062}.AppStore|iPhone.ActiveCfg = Debug|Any CPU
		{69744B53-220F-44D3-A666-ACBDE5CE3062}.AppStore|iPhone.Build.0 = Debug|Any CPU
		{69744B53-220F-44D3-A666-ACBDE5CE3062}.AppStore|iPhoneSimulator.ActiveCfg = Debug|Any CPU
		{69744B53-220F-44D3-A666-ACBDE5CE3062}.AppStore|iPhoneSimulator.Build.0 = Debug|Any CPU
		{69744B53-220F-44D3-A666-ACBDE5CE3062}.AppStore|x64.ActiveCfg = Debug|Any CPU
		{69744B53-220F-44D3-A666-ACBDE5CE3062}.AppStore|x64.Build.0 = Debug|Any CPU
		{69744B53-220F-44D3-A666-ACBDE5CE3062}.AppStore|x86.ActiveCfg = Debug|Any CPU
		{69744B53-220F-44D3-A666-ACBDE5CE3062}.AppStore|x86.Build.0 = Debug|Any CPU
		{69744B53-220F-44D3-A666-ACBDE5CE3062}.Debug|Any CPU.ActiveCfg = Debug|Any CPU
		{69744B53-220F-44D3-A666-ACBDE5CE3062}.Debug|Any CPU.Build.0 = Debug|Any CPU
		{69744B53-220F-44D3-A666-ACBDE5CE3062}.Debug|ARM.ActiveCfg = Debug|Any CPU
		{69744B53-220F-44D3-A666-ACBDE5CE3062}.Debug|ARM.Build.0 = Debug|Any CPU
		{69744B53-220F-44D3-A666-ACBDE5CE3062}.Debug|iPhone.ActiveCfg = Debug|Any CPU
		{69744B53-220F-44D3-A666-ACBDE5CE3062}.Debug|iPhone.Build.0 = Debug|Any CPU
		{69744B53-220F-44D3-A666-ACBDE5CE3062}.Debug|iPhoneSimulator.ActiveCfg = Debug|Any CPU
		{69744B53-220F-44D3-A666-ACBDE5CE3062}.Debug|iPhoneSimulator.Build.0 = Debug|Any CPU
		{69744B53-220F-44D3-A666-ACBDE5CE3062}.Debug|x64.ActiveCfg = Debug|Any CPU
		{69744B53-220F-44D3-A666-ACBDE5CE3062}.Debug|x64.Build.0 = Debug|Any CPU
		{69744B53-220F-44D3-A666-ACBDE5CE3062}.Debug|x86.ActiveCfg = Debug|Any CPU
		{69744B53-220F-44D3-A666-ACBDE5CE3062}.Debug|x86.Build.0 = Debug|Any CPU
		{69744B53-220F-44D3-A666-ACBDE5CE3062}.Release|Any CPU.ActiveCfg = Release|Any CPU
		{69744B53-220F-44D3-A666-ACBDE5CE3062}.Release|Any CPU.Build.0 = Release|Any CPU
		{69744B53-220F-44D3-A666-ACBDE5CE3062}.Release|ARM.ActiveCfg = Release|Any CPU
		{69744B53-220F-44D3-A666-ACBDE5CE3062}.Release|ARM.Build.0 = Release|Any CPU
		{69744B53-220F-44D3-A666-ACBDE5CE3062}.Release|iPhone.ActiveCfg = Release|Any CPU
		{69744B53-220F-44D3-A666-ACBDE5CE3062}.Release|iPhone.Build.0 = Release|Any CPU
		{69744B53-220F-44D3-A666-ACBDE5CE3062}.Release|iPhoneSimulator.ActiveCfg = Release|Any CPU
		{69744B53-220F-44D3-A666-ACBDE5CE3062}.Release|iPhoneSimulator.Build.0 = Release|Any CPU
		{69744B53-220F-44D3-A666-ACBDE5CE3062}.Release|x64.ActiveCfg = Release|Any CPU
		{69744B53-220F-44D3-A666-ACBDE5CE3062}.Release|x64.Build.0 = Release|Any CPU
		{69744B53-220F-44D3-A666-ACBDE5CE3062}.Release|x86.ActiveCfg = Release|Any CPU
		{69744B53-220F-44D3-A666-ACBDE5CE3062}.Release|x86.Build.0 = Release|Any CPU
	EndGlobalSection
	GlobalSection(SolutionProperties) = preSolution
		HideSolutionNode = FALSE
	EndGlobalSection
	GlobalSection(ExtensibilityGlobals) = postSolution
		SolutionGuid = {E73C9A1B-9BE5-4E67-93C3-27A3B3EC4A46}
	EndGlobalSection
EndGlobal
