
Microsoft Visual Studio Solution File, Format Version 12.00
# Visual Studio 15
VisualStudioVersion = 15.0.27130.2027
MinimumVisualStudioVersion = 10.0.40219.1
Project("{FAE04EC0-301F-11D3-BF4B-00C04F79EFBC}") = "StylesSample.Android", "StylesSample\StylesSample.Android\StylesSample.Android.csproj", "{341B2472-1239-455A-94A9-9743E383CA61}"
EndProject
Project("{FAE04EC0-301F-11D3-BF4B-00C04F79EFBC}") = "StylesSample.iOS", "StylesSample\StylesSample.iOS\StylesSample.iOS.csproj", "{406AF86F-831D-48DD-A337-B56507266284}"
EndProject
Project("{FAE04EC0-301F-11D3-BF4B-00C04F79EFBC}") = "StylesSample.UWP", "StylesSample\StylesSample.UWP\StylesSample.UWP.csproj", "{69ACFED3-4070-47DE-9473-D32F6EDF5BFC}"
EndProject
Project("{FAE04EC0-301F-11D3-BF4B-00C04F79EFBC}") = "StylesSample", "StylesSample\StylesSample\StylesSample.csproj", "{AEEBF00A-E98E-4F27-A113-0629FA2D5384}"
EndProject
Global
	GlobalSection(SolutionConfigurationPlatforms) = preSolution
		Ad-Hoc|Any CPU = Ad-Hoc|Any CPU
		Ad-Hoc|ARM = Ad-Hoc|ARM
		Ad-Hoc|iPhone = Ad-Hoc|iPhone
		Ad-Hoc|iPhoneSimulator = Ad-Hoc|iPhoneSimulator
		Ad-Hoc|x64 = Ad-Hoc|x64
		Ad-Hoc|x86 = Ad-Hoc|x86
		AppStore|Any CPU = AppStore|Any CPU
		AppStore|ARM = AppStore|ARM
		AppStore|iPhone = AppStore|iPhone
		AppStore|iPhoneSimulator = AppStore|iPhoneSimulator
		AppStore|x64 = AppStore|x64
		AppStore|x86 = AppStore|x86
		Debug|Any CPU = Debug|Any CPU
		Debug|ARM = Debug|ARM
		Debug|iPhone = Debug|iPhone
		Debug|iPhoneSimulator = Debug|iPhoneSimulator
		Debug|x64 = Debug|x64
		Debug|x86 = Debug|x86
		Release|Any CPU = Release|Any CPU
		Release|ARM = Release|ARM
		Release|iPhone = Release|iPhone
		Release|iPhoneSimulator = Release|iPhoneSimulator
		Release|x64 = Release|x64
		Release|x86 = Release|x86
	EndGlobalSection
	GlobalSection(ProjectConfigurationPlatforms) = postSolution
		{341B2472-1239-455A-94A9-9743E383CA61}.Ad-Hoc|Any CPU.ActiveCfg = Release|Any CPU
		{341B2472-1239-455A-94A9-9743E383CA61}.Ad-Hoc|Any CPU.Build.0 = Release|Any CPU
		{341B2472-1239-455A-94A9-9743E383CA61}.Ad-Hoc|Any CPU.Deploy.0 = Release|Any CPU
		{341B2472-1239-455A-94A9-9743E383CA61}.Ad-Hoc|ARM.ActiveCfg = Release|Any CPU
		{341B2472-1239-455A-94A9-9743E383CA61}.Ad-Hoc|ARM.Build.0 = Release|Any CPU
		{341B2472-1239-455A-94A9-9743E383CA61}.Ad-Hoc|ARM.Deploy.0 = Release|Any CPU
		{341B2472-1239-455A-94A9-9743E383CA61}.Ad-Hoc|iPhone.ActiveCfg = Release|Any CPU
		{341B2472-1239-455A-94A9-9743E383CA61}.Ad-Hoc|iPhone.Build.0 = Release|Any CPU
		{341B2472-1239-455A-94A9-9743E383CA61}.Ad-Hoc|iPhone.Deploy.0 = Release|Any CPU
		{341B2472-1239-455A-94A9-9743E383CA61}.Ad-Hoc|iPhoneSimulator.ActiveCfg = Release|Any CPU
		{341B2472-1239-455A-94A9-9743E383CA61}.Ad-Hoc|iPhoneSimulator.Build.0 = Release|Any CPU
		{341B2472-1239-455A-94A9-9743E383CA61}.Ad-Hoc|iPhoneSimulator.Deploy.0 = Release|Any CPU
		{341B2472-1239-455A-94A9-9743E383CA61}.Ad-Hoc|x64.ActiveCfg = Release|Any CPU
		{341B2472-1239-455A-94A9-9743E383CA61}.Ad-Hoc|x64.Build.0 = Release|Any CPU
		{341B2472-1239-455A-94A9-9743E383CA61}.Ad-Hoc|x64.Deploy.0 = Release|Any CPU
		{341B2472-1239-455A-94A9-9743E383CA61}.Ad-Hoc|x86.ActiveCfg = Release|Any CPU
		{341B2472-1239-455A-94A9-9743E383CA61}.Ad-Hoc|x86.Build.0 = Release|Any CPU
		{341B2472-1239-455A-94A9-9743E383CA61}.Ad-Hoc|x86.Deploy.0 = Release|Any CPU
		{341B2472-1239-455A-94A9-9743E383CA61}.AppStore|Any CPU.ActiveCfg = Release|Any CPU
		{341B2472-1239-455A-94A9-9743E383CA61}.AppStore|Any CPU.Build.0 = Release|Any CPU
		{341B2472-1239-455A-94A9-9743E383CA61}.AppStore|Any CPU.Deploy.0 = Release|Any CPU
		{341B2472-1239-455A-94A9-9743E383CA61}.AppStore|ARM.ActiveCfg = Release|Any CPU
		{341B2472-1239-455A-94A9-9743E383CA61}.AppStore|ARM.Build.0 = Release|Any CPU
		{341B2472-1239-455A-94A9-9743E383CA61}.AppStore|ARM.Deploy.0 = Release|Any CPU
		{341B2472-1239-455A-94A9-9743E383CA61}.AppStore|iPhone.ActiveCfg = Release|Any CPU
		{341B2472-1239-455A-94A9-9743E383CA61}.AppStore|iPhone.Build.0 = Release|Any CPU
		{341B2472-1239-455A-94A9-9743E383CA61}.AppStore|iPhone.Deploy.0 = Release|Any CPU
		{341B2472-1239-455A-94A9-9743E383CA61}.AppStore|iPhoneSimulator.ActiveCfg = Release|Any CPU
		{341B2472-1239-455A-94A9-9743E383CA61}.AppStore|iPhoneSimulator.Build.0 = Release|Any CPU
		{341B2472-1239-455A-94A9-9743E383CA61}.AppStore|iPhoneSimulator.Deploy.0 = Release|Any CPU
		{341B2472-1239-455A-94A9-9743E383CA61}.AppStore|x64.ActiveCfg = Release|Any CPU
		{341B2472-1239-455A-94A9-9743E383CA61}.AppStore|x64.Build.0 = Release|Any CPU
		{341B2472-1239-455A-94A9-9743E383CA61}.AppStore|x64.Deploy.0 = Release|Any CPU
		{341B2472-1239-455A-94A9-9743E383CA61}.AppStore|x86.ActiveCfg = Release|Any CPU
		{341B2472-1239-455A-94A9-9743E383CA61}.AppStore|x86.Build.0 = Release|Any CPU
		{341B2472-1239-455A-94A9-9743E383CA61}.AppStore|x86.Deploy.0 = Release|Any CPU
		{341B2472-1239-455A-94A9-9743E383CA61}.Debug|Any CPU.ActiveCfg = Debug|Any CPU
		{341B2472-1239-455A-94A9-9743E383CA61}.Debug|Any CPU.Build.0 = Debug|Any CPU
		{341B2472-1239-455A-94A9-9743E383CA61}.Debug|Any CPU.Deploy.0 = Debug|Any CPU
		{341B2472-1239-455A-94A9-9743E383CA61}.Debug|ARM.ActiveCfg = Debug|Any CPU
		{341B2472-1239-455A-94A9-9743E383CA61}.Debug|ARM.Build.0 = Debug|Any CPU
		{341B2472-1239-455A-94A9-9743E383CA61}.Debug|ARM.Deploy.0 = Debug|Any CPU
		{341B2472-1239-455A-94A9-9743E383CA61}.Debug|iPhone.ActiveCfg = Debug|Any CPU
		{341B2472-1239-455A-94A9-9743E383CA61}.Debug|iPhone.Build.0 = Debug|Any CPU
		{341B2472-1239-455A-94A9-9743E383CA61}.Debug|iPhone.Deploy.0 = Debug|Any CPU
		{341B2472-1239-455A-94A9-9743E383CA61}.Debug|iPhoneSimulator.ActiveCfg = Debug|Any CPU
		{341B2472-1239-455A-94A9-9743E383CA61}.Debug|iPhoneSimulator.Build.0 = Debug|Any CPU
		{341B2472-1239-455A-94A9-9743E383CA61}.Debug|iPhoneSimulator.Deploy.0 = Debug|Any CPU
		{341B2472-1239-455A-94A9-9743E383CA61}.Debug|x64.ActiveCfg = Debug|Any CPU
		{341B2472-1239-455A-94A9-9743E383CA61}.Debug|x64.Build.0 = Debug|Any CPU
		{341B2472-1239-455A-94A9-9743E383CA61}.Debug|x64.Deploy.0 = Debug|Any CPU
		{341B2472-1239-455A-94A9-9743E383CA61}.Debug|x86.ActiveCfg = Debug|Any CPU
		{341B2472-1239-455A-94A9-9743E383CA61}.Debug|x86.Build.0 = Debug|Any CPU
		{341B2472-1239-455A-94A9-9743E383CA61}.Debug|x86.Deploy.0 = Debug|Any CPU
		{341B2472-1239-455A-94A9-9743E383CA61}.Release|Any CPU.ActiveCfg = Release|Any CPU
		{341B2472-1239-455A-94A9-9743E383CA61}.Release|Any CPU.Build.0 = Release|Any CPU
		{341B2472-1239-455A-94A9-9743E383CA61}.Release|Any CPU.Deploy.0 = Release|Any CPU
		{341B2472-1239-455A-94A9-9743E383CA61}.Release|ARM.ActiveCfg = Release|Any CPU
		{341B2472-1239-455A-94A9-9743E383CA61}.Release|ARM.Build.0 = Release|Any CPU
		{341B2472-1239-455A-94A9-9743E383CA61}.Release|ARM.Deploy.0 = Release|Any CPU
		{341B2472-1239-455A-94A9-9743E383CA61}.Release|iPhone.ActiveCfg = Release|Any CPU
		{341B2472-1239-455A-94A9-9743E383CA61}.Release|iPhone.Build.0 = Release|Any CPU
		{341B2472-1239-455A-94A9-9743E383CA61}.Release|iPhone.Deploy.0 = Release|Any CPU
		{341B2472-1239-455A-94A9-9743E383CA61}.Release|iPhoneSimulator.ActiveCfg = Release|Any CPU
		{341B2472-1239-455A-94A9-9743E383CA61}.Release|iPhoneSimulator.Build.0 = Release|Any CPU
		{341B2472-1239-455A-94A9-9743E383CA61}.Release|iPhoneSimulator.Deploy.0 = Release|Any CPU
		{341B2472-1239-455A-94A9-9743E383CA61}.Release|x64.ActiveCfg = Release|Any CPU
		{341B2472-1239-455A-94A9-9743E383CA61}.Release|x64.Build.0 = Release|Any CPU
		{341B2472-1239-455A-94A9-9743E383CA61}.Release|x64.Deploy.0 = Release|Any CPU
		{341B2472-1239-455A-94A9-9743E383CA61}.Release|x86.ActiveCfg = Release|Any CPU
		{341B2472-1239-455A-94A9-9743E383CA61}.Release|x86.Build.0 = Release|Any CPU
		{341B2472-1239-455A-94A9-9743E383CA61}.Release|x86.Deploy.0 = Release|Any CPU
		{406AF86F-831D-48DD-A337-B56507266284}.Ad-Hoc|Any CPU.ActiveCfg = Ad-Hoc|iPhone
		{406AF86F-831D-48DD-A337-B56507266284}.Ad-Hoc|ARM.ActiveCfg = Ad-Hoc|iPhone
		{406AF86F-831D-48DD-A337-B56507266284}.Ad-Hoc|iPhone.ActiveCfg = Ad-Hoc|iPhone
		{406AF86F-831D-48DD-A337-B56507266284}.Ad-Hoc|iPhone.Build.0 = Ad-Hoc|iPhone
		{406AF86F-831D-48DD-A337-B56507266284}.Ad-Hoc|iPhoneSimulator.ActiveCfg = Ad-Hoc|iPhoneSimulator
		{406AF86F-831D-48DD-A337-B56507266284}.Ad-Hoc|iPhoneSimulator.Build.0 = Ad-Hoc|iPhoneSimulator
		{406AF86F-831D-48DD-A337-B56507266284}.Ad-Hoc|x64.ActiveCfg = Ad-Hoc|iPhone
		{406AF86F-831D-48DD-A337-B56507266284}.Ad-Hoc|x86.ActiveCfg = Ad-Hoc|iPhone
		{406AF86F-831D-48DD-A337-B56507266284}.AppStore|Any CPU.ActiveCfg = AppStore|iPhone
		{406AF86F-831D-48DD-A337-B56507266284}.AppStore|ARM.ActiveCfg = AppStore|iPhone
		{406AF86F-831D-48DD-A337-B56507266284}.AppStore|iPhone.ActiveCfg = AppStore|iPhone
		{406AF86F-831D-48DD-A337-B56507266284}.AppStore|iPhone.Build.0 = AppStore|iPhone
		{406AF86F-831D-48DD-A337-B56507266284}.AppStore|iPhoneSimulator.ActiveCfg = AppStore|iPhoneSimulator
		{406AF86F-831D-48DD-A337-B56507266284}.AppStore|iPhoneSimulator.Build.0 = AppStore|iPhoneSimulator
		{406AF86F-831D-48DD-A337-B56507266284}.AppStore|x64.ActiveCfg = AppStore|iPhone
		{406AF86F-831D-48DD-A337-B56507266284}.AppStore|x86.ActiveCfg = AppStore|iPhone
		{406AF86F-831D-48DD-A337-B56507266284}.Debug|Any CPU.ActiveCfg = Debug|iPhone
		{406AF86F-831D-48DD-A337-B56507266284}.Debug|ARM.ActiveCfg = Debug|iPhone
		{406AF86F-831D-48DD-A337-B56507266284}.Debug|iPhone.ActiveCfg = Debug|iPhone
		{406AF86F-831D-48DD-A337-B56507266284}.Debug|iPhone.Build.0 = Debug|iPhone
		{406AF86F-831D-48DD-A337-B56507266284}.Debug|iPhoneSimulator.ActiveCfg = Debug|iPhoneSimulator
		{406AF86F-831D-48DD-A337-B56507266284}.Debug|iPhoneSimulator.Build.0 = Debug|iPhoneSimulator
		{406AF86F-831D-48DD-A337-B56507266284}.Debug|x64.ActiveCfg = Debug|iPhone
		{406AF86F-831D-48DD-A337-B56507266284}.Debug|x86.ActiveCfg = Debug|iPhone
		{406AF86F-831D-48DD-A337-B56507266284}.Release|Any CPU.ActiveCfg = Release|iPhone
		{406AF86F-831D-48DD-A337-B56507266284}.Release|ARM.ActiveCfg = Release|iPhone
		{406AF86F-831D-48DD-A337-B56507266284}.Release|iPhone.ActiveCfg = Release|iPhone
		{406AF86F-831D-48DD-A337-B56507266284}.Release|iPhone.Build.0 = Release|iPhone
		{406AF86F-831D-48DD-A337-B56507266284}.Release|iPhoneSimulator.ActiveCfg = Release|iPhoneSimulator
		{406AF86F-831D-48DD-A337-B56507266284}.Release|iPhoneSimulator.Build.0 = Release|iPhoneSimulator
		{406AF86F-831D-48DD-A337-B56507266284}.Release|x64.ActiveCfg = Release|iPhone
		{406AF86F-831D-48DD-A337-B56507266284}.Release|x86.ActiveCfg = Release|iPhone
		{69ACFED3-4070-47DE-9473-D32F6EDF5BFC}.Ad-Hoc|Any CPU.ActiveCfg = Release|x86
		{69ACFED3-4070-47DE-9473-D32F6EDF5BFC}.Ad-Hoc|Any CPU.Build.0 = Release|x86
		{69ACFED3-4070-47DE-9473-D32F6EDF5BFC}.Ad-Hoc|Any CPU.Deploy.0 = Release|x86
		{69ACFED3-4070-47DE-9473-D32F6EDF5BFC}.Ad-Hoc|ARM.ActiveCfg = Release|ARM
		{69ACFED3-4070-47DE-9473-D32F6EDF5BFC}.Ad-Hoc|ARM.Build.0 = Release|ARM
		{69ACFED3-4070-47DE-9473-D32F6EDF5BFC}.Ad-Hoc|ARM.Deploy.0 = Release|ARM
		{69ACFED3-4070-47DE-9473-D32F6EDF5BFC}.Ad-Hoc|iPhone.ActiveCfg = Release|x86
		{69ACFED3-4070-47DE-9473-D32F6EDF5BFC}.Ad-Hoc|iPhone.Build.0 = Release|x86
		{69ACFED3-4070-47DE-9473-D32F6EDF5BFC}.Ad-Hoc|iPhone.Deploy.0 = Release|x86
		{69ACFED3-4070-47DE-9473-D32F6EDF5BFC}.Ad-Hoc|iPhoneSimulator.ActiveCfg = Release|x86
		{69ACFED3-4070-47DE-9473-D32F6EDF5BFC}.Ad-Hoc|iPhoneSimulator.Build.0 = Release|x86
		{69ACFED3-4070-47DE-9473-D32F6EDF5BFC}.Ad-Hoc|iPhoneSimulator.Deploy.0 = Release|x86
		{69ACFED3-4070-47DE-9473-D32F6EDF5BFC}.Ad-Hoc|x64.ActiveCfg = Release|x64
		{69ACFED3-4070-47DE-9473-D32F6EDF5BFC}.Ad-Hoc|x64.Build.0 = Release|x64
		{69ACFED3-4070-47DE-9473-D32F6EDF5BFC}.Ad-Hoc|x64.Deploy.0 = Release|x64
		{69ACFED3-4070-47DE-9473-D32F6EDF5BFC}.Ad-Hoc|x86.ActiveCfg = Release|x86
		{69ACFED3-4070-47DE-9473-D32F6EDF5BFC}.Ad-Hoc|x86.Build.0 = Release|x86
		{69ACFED3-4070-47DE-9473-D32F6EDF5BFC}.Ad-Hoc|x86.Deploy.0 = Release|x86
		{69ACFED3-4070-47DE-9473-D32F6EDF5BFC}.AppStore|Any CPU.ActiveCfg = Release|x86
		{69ACFED3-4070-47DE-9473-D32F6EDF5BFC}.AppStore|Any CPU.Build.0 = Release|x86
		{69ACFED3-4070-47DE-9473-D32F6EDF5BFC}.AppStore|Any CPU.Deploy.0 = Release|x86
		{69ACFED3-4070-47DE-9473-D32F6EDF5BFC}.AppStore|ARM.ActiveCfg = Release|ARM
		{69ACFED3-4070-47DE-9473-D32F6EDF5BFC}.AppStore|ARM.Build.0 = Release|ARM
		{69ACFED3-4070-47DE-9473-D32F6EDF5BFC}.AppStore|ARM.Deploy.0 = Release|ARM
		{69ACFED3-4070-47DE-9473-D32F6EDF5BFC}.AppStore|iPhone.ActiveCfg = Release|x86
		{69ACFED3-4070-47DE-9473-D32F6EDF5BFC}.AppStore|iPhone.Build.0 = Release|x86
		{69ACFED3-4070-47DE-9473-D32F6EDF5BFC}.AppStore|iPhone.Deploy.0 = Release|x86
		{69ACFED3-4070-47DE-9473-D32F6EDF5BFC}.AppStore|iPhoneSimulator.ActiveCfg = Release|x86
		{69ACFED3-4070-47DE-9473-D32F6EDF5BFC}.AppStore|iPhoneSimulator.Build.0 = Release|x86
		{69ACFED3-4070-47DE-9473-D32F6EDF5BFC}.AppStore|iPhoneSimulator.Deploy.0 = Release|x86
		{69ACFED3-4070-47DE-9473-D32F6EDF5BFC}.AppStore|x64.ActiveCfg = Release|x64
		{69ACFED3-4070-47DE-9473-D32F6EDF5BFC}.AppStore|x64.Build.0 = Release|x64
		{69ACFED3-4070-47DE-9473-D32F6EDF5BFC}.AppStore|x64.Deploy.0 = Release|x64
		{69ACFED3-4070-47DE-9473-D32F6EDF5BFC}.AppStore|x86.ActiveCfg = Release|x86
		{69ACFED3-4070-47DE-9473-D32F6EDF5BFC}.AppStore|x86.Build.0 = Release|x86
		{69ACFED3-4070-47DE-9473-D32F6EDF5BFC}.AppStore|x86.Deploy.0 = Release|x86
		{69ACFED3-4070-47DE-9473-D32F6EDF5BFC}.Debug|Any CPU.ActiveCfg = Debug|x86
		{69ACFED3-4070-47DE-9473-D32F6EDF5BFC}.Debug|ARM.ActiveCfg = Debug|ARM
		{69ACFED3-4070-47DE-9473-D32F6EDF5BFC}.Debug|ARM.Build.0 = Debug|ARM
		{69ACFED3-4070-47DE-9473-D32F6EDF5BFC}.Debug|ARM.Deploy.0 = Debug|ARM
		{69ACFED3-4070-47DE-9473-D32F6EDF5BFC}.Debug|iPhone.ActiveCfg = Debug|x86
		{69ACFED3-4070-47DE-9473-D32F6EDF5BFC}.Debug|iPhoneSimulator.ActiveCfg = Debug|x86
		{69ACFED3-4070-47DE-9473-D32F6EDF5BFC}.Debug|x64.ActiveCfg = Debug|x64
		{69ACFED3-4070-47DE-9473-D32F6EDF5BFC}.Debug|x64.Build.0 = Debug|x64
		{69ACFED3-4070-47DE-9473-D32F6EDF5BFC}.Debug|x64.Deploy.0 = Debug|x64
		{69ACFED3-4070-47DE-9473-D32F6EDF5BFC}.Debug|x86.ActiveCfg = Debug|x86
		{69ACFED3-4070-47DE-9473-D32F6EDF5BFC}.Debug|x86.Build.0 = Debug|x86
		{69ACFED3-4070-47DE-9473-D32F6EDF5BFC}.Debug|x86.Deploy.0 = Debug|x86
		{69ACFED3-4070-47DE-9473-D32F6EDF5BFC}.Release|Any CPU.ActiveCfg = Release|x86
		{69ACFED3-4070-47DE-9473-D32F6EDF5BFC}.Release|ARM.ActiveCfg = Release|ARM
		{69ACFED3-4070-47DE-9473-D32F6EDF5BFC}.Release|ARM.Build.0 = Release|ARM
		{69ACFED3-4070-47DE-9473-D32F6EDF5BFC}.Release|ARM.Deploy.0 = Release|ARM
		{69ACFED3-4070-47DE-9473-D32F6EDF5BFC}.Release|iPhone.ActiveCfg = Release|x86
		{69ACFED3-4070-47DE-9473-D32F6EDF5BFC}.Release|iPhoneSimulator.ActiveCfg = Release|x86
		{69ACFED3-4070-47DE-9473-D32F6EDF5BFC}.Release|x64.ActiveCfg = Release|x64
		{69ACFED3-4070-47DE-9473-D32F6EDF5BFC}.Release|x64.Build.0 = Release|x64
		{69ACFED3-4070-47DE-9473-D32F6EDF5BFC}.Release|x64.Deploy.0 = Release|x64
		{69ACFED3-4070-47DE-9473-D32F6EDF5BFC}.Release|x86.ActiveCfg = Release|x86
		{69ACFED3-4070-47DE-9473-D32F6EDF5BFC}.Release|x86.Build.0 = Release|x86
		{69ACFED3-4070-47DE-9473-D32F6EDF5BFC}.Release|x86.Deploy.0 = Release|x86
		{AEEBF00A-E98E-4F27-A113-0629FA2D5384}.Ad-Hoc|Any CPU.ActiveCfg = Debug|Any CPU
		{AEEBF00A-E98E-4F27-A113-0629FA2D5384}.Ad-Hoc|Any CPU.Build.0 = Debug|Any CPU
		{AEEBF00A-E98E-4F27-A113-0629FA2D5384}.Ad-Hoc|ARM.ActiveCfg = Debug|Any CPU
		{AEEBF00A-E98E-4F27-A113-0629FA2D5384}.Ad-Hoc|ARM.Build.0 = Debug|Any CPU
		{AEEBF00A-E98E-4F27-A113-0629FA2D5384}.Ad-Hoc|iPhone.ActiveCfg = Debug|Any CPU
		{AEEBF00A-E98E-4F27-A113-0629FA2D5384}.Ad-Hoc|iPhone.Build.0 = Debug|Any CPU
		{AEEBF00A-E98E-4F27-A113-0629FA2D5384}.Ad-Hoc|iPhoneSimulator.ActiveCfg = Debug|Any CPU
		{AEEBF00A-E98E-4F27-A113-0629FA2D5384}.Ad-Hoc|iPhoneSimulator.Build.0 = Debug|Any CPU
		{AEEBF00A-E98E-4F27-A113-0629FA2D5384}.Ad-Hoc|x64.ActiveCfg = Debug|Any CPU
		{AEEBF00A-E98E-4F27-A113-0629FA2D5384}.Ad-Hoc|x64.Build.0 = Debug|Any CPU
		{AEEBF00A-E98E-4F27-A113-0629FA2D5384}.Ad-Hoc|x86.ActiveCfg = Debug|Any CPU
		{AEEBF00A-E98E-4F27-A113-0629FA2D5384}.Ad-Hoc|x86.Build.0 = Debug|Any CPU
		{AEEBF00A-E98E-4F27-A113-0629FA2D5384}.AppStore|Any CPU.ActiveCfg = Debug|Any CPU
		{AEEBF00A-E98E-4F27-A113-0629FA2D5384}.AppStore|Any CPU.Build.0 = Debug|Any CPU
		{AEEBF00A-E98E-4F27-A113-0629FA2D5384}.AppStore|ARM.ActiveCfg = Debug|Any CPU
		{AEEBF00A-E98E-4F27-A113-0629FA2D5384}.AppStore|ARM.Build.0 = Debug|Any CPU
		{AEEBF00A-E98E-4F27-A113-0629FA2D5384}.AppStore|iPhone.ActiveCfg = Debug|Any CPU
		{AEEBF00A-E98E-4F27-A113-0629FA2D5384}.AppStore|iPhone.Build.0 = Debug|Any CPU
		{AEEBF00A-E98E-4F27-A113-0629FA2D5384}.AppStore|iPhoneSimulator.ActiveCfg = Debug|Any CPU
		{AEEBF00A-E98E-4F27-A113-0629FA2D5384}.AppStore|iPhoneSimulator.Build.0 = Debug|Any CPU
		{AEEBF00A-E98E-4F27-A113-0629FA2D5384}.AppStore|x64.ActiveCfg = Debug|Any CPU
		{AEEBF00A-E98E-4F27-A113-0629FA2D5384}.AppStore|x64.Build.0 = Debug|Any CPU
		{AEEBF00A-E98E-4F27-A113-0629FA2D5384}.AppStore|x86.ActiveCfg = Debug|Any CPU
		{AEEBF00A-E98E-4F27-A113-0629FA2D5384}.AppStore|x86.Build.0 = Debug|Any CPU
		{AEEBF00A-E98E-4F27-A113-0629FA2D5384}.Debug|Any CPU.ActiveCfg = Debug|Any CPU
		{AEEBF00A-E98E-4F27-A113-0629FA2D5384}.Debug|Any CPU.Build.0 = Debug|Any CPU
		{AEEBF00A-E98E-4F27-A113-0629FA2D5384}.Debug|ARM.ActiveCfg = Debug|Any CPU
		{AEEBF00A-E98E-4F27-A113-0629FA2D5384}.Debug|ARM.Build.0 = Debug|Any CPU
		{AEEBF00A-E98E-4F27-A113-0629FA2D5384}.Debug|iPhone.ActiveCfg = Debug|Any CPU
		{AEEBF00A-E98E-4F27-A113-0629FA2D5384}.Debug|iPhone.Build.0 = Debug|Any CPU
		{AEEBF00A-E98E-4F27-A113-0629FA2D5384}.Debug|iPhoneSimulator.ActiveCfg = Debug|Any CPU
		{AEEBF00A-E98E-4F27-A113-0629FA2D5384}.Debug|iPhoneSimulator.Build.0 = Debug|Any CPU
		{AEEBF00A-E98E-4F27-A113-0629FA2D5384}.Debug|x64.ActiveCfg = Debug|Any CPU
		{AEEBF00A-E98E-4F27-A113-0629FA2D5384}.Debug|x64.Build.0 = Debug|Any CPU
		{AEEBF00A-E98E-4F27-A113-0629FA2D5384}.Debug|x86.ActiveCfg = Debug|Any CPU
		{AEEBF00A-E98E-4F27-A113-0629FA2D5384}.Debug|x86.Build.0 = Debug|Any CPU
		{AEEBF00A-E98E-4F27-A113-0629FA2D5384}.Release|Any CPU.ActiveCfg = Release|Any CPU
		{AEEBF00A-E98E-4F27-A113-0629FA2D5384}.Release|Any CPU.Build.0 = Release|Any CPU
		{AEEBF00A-E98E-4F27-A113-0629FA2D5384}.Release|ARM.ActiveCfg = Release|Any CPU
		{AEEBF00A-E98E-4F27-A113-0629FA2D5384}.Release|ARM.Build.0 = Release|Any CPU
		{AEEBF00A-E98E-4F27-A113-0629FA2D5384}.Release|iPhone.ActiveCfg = Release|Any CPU
		{AEEBF00A-E98E-4F27-A113-0629FA2D5384}.Release|iPhone.Build.0 = Release|Any CPU
		{AEEBF00A-E98E-4F27-A113-0629FA2D5384}.Release|iPhoneSimulator.ActiveCfg = Release|Any CPU
		{AEEBF00A-E98E-4F27-A113-0629FA2D5384}.Release|iPhoneSimulator.Build.0 = Release|Any CPU
		{AEEBF00A-E98E-4F27-A113-0629FA2D5384}.Release|x64.ActiveCfg = Release|Any CPU
		{AEEBF00A-E98E-4F27-A113-0629FA2D5384}.Release|x64.Build.0 = Release|Any CPU
		{AEEBF00A-E98E-4F27-A113-0629FA2D5384}.Release|x86.ActiveCfg = Release|Any CPU
		{AEEBF00A-E98E-4F27-A113-0629FA2D5384}.Release|x86.Build.0 = Release|Any CPU
	EndGlobalSection
	GlobalSection(SolutionProperties) = preSolution
		HideSolutionNode = FALSE
	EndGlobalSection
	GlobalSection(ExtensibilityGlobals) = postSolution
		SolutionGuid = {F35416E4-55A9-45BF-A9A7-825BD2B8DFF8}
	EndGlobalSection
EndGlobal
