
Microsoft Visual Studio Solution File, Format Version 12.00
# Visual Studio 15
VisualStudioVersion = 15.0.27130.2027
MinimumVisualStudioVersion = 10.0.40219.1
Project("{FAE04EC0-301F-11D3-BF4B-00C04F79EFBC}") = "MVVMSample.Android", "MVVMSample\MVVMSample.Android\MVVMSample.Android.csproj", "{E627A3ED-15A3-47B2-8F05-654780B03E4C}"
EndProject
Project("{FAE04EC0-301F-11D3-BF4B-00C04F79EFBC}") = "MVVMSample.iOS", "MVVMSample\MVVMSample.iOS\MVVMSample.iOS.csproj", "{19C1C78E-7D57-42F5-A53F-AA83E0F02037}"
EndProject
Project("{FAE04EC0-301F-11D3-BF4B-00C04F79EFBC}") = "MVVMSample.UWP", "MVVMSample\MVVMSample.UWP\MVVMSample.UWP.csproj", "{59B9C5C7-A78D-413F-B4BC-0AF278572B2E}"
EndProject
Project("{D954291E-2A0B-460D-934E-DC6B0785DB48}") = "MVVMSample", "MVVMSample\MVVMSample\MVVMSample.shproj", "{F3DCBCB5-D698-4D81-91C7-442C268F9AEA}"
EndProject
Global
	GlobalSection(SharedMSBuildProjectFiles) = preSolution
		MVVMSample\MVVMSample\MVVMSample.projitems*{19c1c78e-7d57-42f5-a53f-aa83e0f02037}*SharedItemsImports = 4
		MVVMSample\MVVMSample\MVVMSample.projitems*{59b9c5c7-a78d-413f-b4bc-0af278572b2e}*SharedItemsImports = 4
		MVVMSample\MVVMSample\MVVMSample.projitems*{e627a3ed-15a3-47b2-8f05-654780b03e4c}*SharedItemsImports = 4
		MVVMSample\MVVMSample\MVVMSample.projitems*{f3dcbcb5-d698-4d81-91c7-442c268f9aea}*SharedItemsImports = 13
	EndGlobalSection
	GlobalSection(SolutionConfigurationPlatforms) = preSolution
		Ad-Hoc|Any CPU = Ad-Hoc|Any CPU
		Ad-Hoc|ARM = Ad-Hoc|ARM
		Ad-Hoc|iPhone = Ad-Hoc|iPhone
		Ad-Hoc|iPhoneSimulator = Ad-Hoc|iPhoneSimulator
		Ad-Hoc|x64 = Ad-Hoc|x64
		Ad-Hoc|x86 = Ad-Hoc|x86
		AppStore|Any CPU = AppStore|Any CPU
		AppStore|ARM = AppStore|ARM
		AppStore|iPhone = AppStore|iPhone
		AppStore|iPhoneSimulator = AppStore|iPhoneSimulator
		AppStore|x64 = AppStore|x64
		AppStore|x86 = AppStore|x86
		Debug|Any CPU = Debug|Any CPU
		Debug|ARM = Debug|ARM
		Debug|iPhone = Debug|iPhone
		Debug|iPhoneSimulator = Debug|iPhoneSimulator
		Debug|x64 = Debug|x64
		Debug|x86 = Debug|x86
		Release|Any CPU = Release|Any CPU
		Release|ARM = Release|ARM
		Release|iPhone = Release|iPhone
		Release|iPhoneSimulator = Release|iPhoneSimulator
		Release|x64 = Release|x64
		Release|x86 = Release|x86
	EndGlobalSection
	GlobalSection(ProjectConfigurationPlatforms) = postSolution
		{E627A3ED-15A3-47B2-8F05-654780B03E4C}.Ad-Hoc|Any CPU.ActiveCfg = Release|Any CPU
		{E627A3ED-15A3-47B2-8F05-654780B03E4C}.Ad-Hoc|Any CPU.Build.0 = Release|Any CPU
		{E627A3ED-15A3-47B2-8F05-654780B03E4C}.Ad-Hoc|Any CPU.Deploy.0 = Release|Any CPU
		{E627A3ED-15A3-47B2-8F05-654780B03E4C}.Ad-Hoc|ARM.ActiveCfg = Release|Any CPU
		{E627A3ED-15A3-47B2-8F05-654780B03E4C}.Ad-Hoc|ARM.Build.0 = Release|Any CPU
		{E627A3ED-15A3-47B2-8F05-654780B03E4C}.Ad-Hoc|ARM.Deploy.0 = Release|Any CPU
		{E627A3ED-15A3-47B2-8F05-654780B03E4C}.Ad-Hoc|iPhone.ActiveCfg = Release|Any CPU
		{E627A3ED-15A3-47B2-8F05-654780B03E4C}.Ad-Hoc|iPhone.Build.0 = Release|Any CPU
		{E627A3ED-15A3-47B2-8F05-654780B03E4C}.Ad-Hoc|iPhone.Deploy.0 = Release|Any CPU
		{E627A3ED-15A3-47B2-8F05-654780B03E4C}.Ad-Hoc|iPhoneSimulator.ActiveCfg = Release|Any CPU
		{E627A3ED-15A3-47B2-8F05-654780B03E4C}.Ad-Hoc|iPhoneSimulator.Build.0 = Release|Any CPU
		{E627A3ED-15A3-47B2-8F05-654780B03E4C}.Ad-Hoc|iPhoneSimulator.Deploy.0 = Release|Any CPU
		{E627A3ED-15A3-47B2-8F05-654780B03E4C}.Ad-Hoc|x64.ActiveCfg = Release|Any CPU
		{E627A3ED-15A3-47B2-8F05-654780B03E4C}.Ad-Hoc|x64.Build.0 = Release|Any CPU
		{E627A3ED-15A3-47B2-8F05-654780B03E4C}.Ad-Hoc|x64.Deploy.0 = Release|Any CPU
		{E627A3ED-15A3-47B2-8F05-654780B03E4C}.Ad-Hoc|x86.ActiveCfg = Release|Any CPU
		{E627A3ED-15A3-47B2-8F05-654780B03E4C}.Ad-Hoc|x86.Build.0 = Release|Any CPU
		{E627A3ED-15A3-47B2-8F05-654780B03E4C}.Ad-Hoc|x86.Deploy.0 = Release|Any CPU
		{E627A3ED-15A3-47B2-8F05-654780B03E4C}.AppStore|Any CPU.ActiveCfg = Release|Any CPU
		{E627A3ED-15A3-47B2-8F05-654780B03E4C}.AppStore|Any CPU.Build.0 = Release|Any CPU
		{E627A3ED-15A3-47B2-8F05-654780B03E4C}.AppStore|Any CPU.Deploy.0 = Release|Any CPU
		{E627A3ED-15A3-47B2-8F05-654780B03E4C}.AppStore|ARM.ActiveCfg = Release|Any CPU
		{E627A3ED-15A3-47B2-8F05-654780B03E4C}.AppStore|ARM.Build.0 = Release|Any CPU
		{E627A3ED-15A3-47B2-8F05-654780B03E4C}.AppStore|ARM.Deploy.0 = Release|Any CPU
		{E627A3ED-15A3-47B2-8F05-654780B03E4C}.AppStore|iPhone.ActiveCfg = Release|Any CPU
		{E627A3ED-15A3-47B2-8F05-654780B03E4C}.AppStore|iPhone.Build.0 = Release|Any CPU
		{E627A3ED-15A3-47B2-8F05-654780B03E4C}.AppStore|iPhone.Deploy.0 = Release|Any CPU
		{E627A3ED-15A3-47B2-8F05-654780B03E4C}.AppStore|iPhoneSimulator.ActiveCfg = Release|Any CPU
		{E627A3ED-15A3-47B2-8F05-654780B03E4C}.AppStore|iPhoneSimulator.Build.0 = Release|Any CPU
		{E627A3ED-15A3-47B2-8F05-654780B03E4C}.AppStore|iPhoneSimulator.Deploy.0 = Release|Any CPU
		{E627A3ED-15A3-47B2-8F05-654780B03E4C}.AppStore|x64.ActiveCfg = Release|Any CPU
		{E627A3ED-15A3-47B2-8F05-654780B03E4C}.AppStore|x64.Build.0 = Release|Any CPU
		{E627A3ED-15A3-47B2-8F05-654780B03E4C}.AppStore|x64.Deploy.0 = Release|Any CPU
		{E627A3ED-15A3-47B2-8F05-654780B03E4C}.AppStore|x86.ActiveCfg = Release|Any CPU
		{E627A3ED-15A3-47B2-8F05-654780B03E4C}.AppStore|x86.Build.0 = Release|Any CPU
		{E627A3ED-15A3-47B2-8F05-654780B03E4C}.AppStore|x86.Deploy.0 = Release|Any CPU
		{E627A3ED-15A3-47B2-8F05-654780B03E4C}.Debug|Any CPU.ActiveCfg = Debug|Any CPU
		{E627A3ED-15A3-47B2-8F05-654780B03E4C}.Debug|Any CPU.Build.0 = Debug|Any CPU
		{E627A3ED-15A3-47B2-8F05-654780B03E4C}.Debug|Any CPU.Deploy.0 = Debug|Any CPU
		{E627A3ED-15A3-47B2-8F05-654780B03E4C}.Debug|ARM.ActiveCfg = Debug|Any CPU
		{E627A3ED-15A3-47B2-8F05-654780B03E4C}.Debug|ARM.Build.0 = Debug|Any CPU
		{E627A3ED-15A3-47B2-8F05-654780B03E4C}.Debug|ARM.Deploy.0 = Debug|Any CPU
		{E627A3ED-15A3-47B2-8F05-654780B03E4C}.Debug|iPhone.ActiveCfg = Debug|Any CPU
		{E627A3ED-15A3-47B2-8F05-654780B03E4C}.Debug|iPhone.Build.0 = Debug|Any CPU
		{E627A3ED-15A3-47B2-8F05-654780B03E4C}.Debug|iPhone.Deploy.0 = Debug|Any CPU
		{E627A3ED-15A3-47B2-8F05-654780B03E4C}.Debug|iPhoneSimulator.ActiveCfg = Debug|Any CPU
		{E627A3ED-15A3-47B2-8F05-654780B03E4C}.Debug|iPhoneSimulator.Build.0 = Debug|Any CPU
		{E627A3ED-15A3-47B2-8F05-654780B03E4C}.Debug|iPhoneSimulator.Deploy.0 = Debug|Any CPU
		{E627A3ED-15A3-47B2-8F05-654780B03E4C}.Debug|x64.ActiveCfg = Debug|Any CPU
		{E627A3ED-15A3-47B2-8F05-654780B03E4C}.Debug|x64.Build.0 = Debug|Any CPU
		{E627A3ED-15A3-47B2-8F05-654780B03E4C}.Debug|x64.Deploy.0 = Debug|Any CPU
		{E627A3ED-15A3-47B2-8F05-654780B03E4C}.Debug|x86.ActiveCfg = Debug|Any CPU
		{E627A3ED-15A3-47B2-8F05-654780B03E4C}.Debug|x86.Build.0 = Debug|Any CPU
		{E627A3ED-15A3-47B2-8F05-654780B03E4C}.Debug|x86.Deploy.0 = Debug|Any CPU
		{E627A3ED-15A3-47B2-8F05-654780B03E4C}.Release|Any CPU.ActiveCfg = Release|Any CPU
		{E627A3ED-15A3-47B2-8F05-654780B03E4C}.Release|Any CPU.Build.0 = Release|Any CPU
		{E627A3ED-15A3-47B2-8F05-654780B03E4C}.Release|Any CPU.Deploy.0 = Release|Any CPU
		{E627A3ED-15A3-47B2-8F05-654780B03E4C}.Release|ARM.ActiveCfg = Release|Any CPU
		{E627A3ED-15A3-47B2-8F05-654780B03E4C}.Release|ARM.Build.0 = Release|Any CPU
		{E627A3ED-15A3-47B2-8F05-654780B03E4C}.Release|ARM.Deploy.0 = Release|Any CPU
		{E627A3ED-15A3-47B2-8F05-654780B03E4C}.Release|iPhone.ActiveCfg = Release|Any CPU
		{E627A3ED-15A3-47B2-8F05-654780B03E4C}.Release|iPhone.Build.0 = Release|Any CPU
		{E627A3ED-15A3-47B2-8F05-654780B03E4C}.Release|iPhone.Deploy.0 = Release|Any CPU
		{E627A3ED-15A3-47B2-8F05-654780B03E4C}.Release|iPhoneSimulator.ActiveCfg = Release|Any CPU
		{E627A3ED-15A3-47B2-8F05-654780B03E4C}.Release|iPhoneSimulator.Build.0 = Release|Any CPU
		{E627A3ED-15A3-47B2-8F05-654780B03E4C}.Release|iPhoneSimulator.Deploy.0 = Release|Any CPU
		{E627A3ED-15A3-47B2-8F05-654780B03E4C}.Release|x64.ActiveCfg = Release|Any CPU
		{E627A3ED-15A3-47B2-8F05-654780B03E4C}.Release|x64.Build.0 = Release|Any CPU
		{E627A3ED-15A3-47B2-8F05-654780B03E4C}.Release|x64.Deploy.0 = Release|Any CPU
		{E627A3ED-15A3-47B2-8F05-654780B03E4C}.Release|x86.ActiveCfg = Release|Any CPU
		{E627A3ED-15A3-47B2-8F05-654780B03E4C}.Release|x86.Build.0 = Release|Any CPU
		{E627A3ED-15A3-47B2-8F05-654780B03E4C}.Release|x86.Deploy.0 = Release|Any CPU
		{19C1C78E-7D57-42F5-A53F-AA83E0F02037}.Ad-Hoc|Any CPU.ActiveCfg = Ad-Hoc|iPhone
		{19C1C78E-7D57-42F5-A53F-AA83E0F02037}.Ad-Hoc|ARM.ActiveCfg = Ad-Hoc|iPhone
		{19C1C78E-7D57-42F5-A53F-AA83E0F02037}.Ad-Hoc|iPhone.ActiveCfg = Ad-Hoc|iPhone
		{19C1C78E-7D57-42F5-A53F-AA83E0F02037}.Ad-Hoc|iPhone.Build.0 = Ad-Hoc|iPhone
		{19C1C78E-7D57-42F5-A53F-AA83E0F02037}.Ad-Hoc|iPhoneSimulator.ActiveCfg = Ad-Hoc|iPhoneSimulator
		{19C1C78E-7D57-42F5-A53F-AA83E0F02037}.Ad-Hoc|iPhoneSimulator.Build.0 = Ad-Hoc|iPhoneSimulator
		{19C1C78E-7D57-42F5-A53F-AA83E0F02037}.Ad-Hoc|x64.ActiveCfg = Ad-Hoc|iPhone
		{19C1C78E-7D57-42F5-A53F-AA83E0F02037}.Ad-Hoc|x86.ActiveCfg = Ad-Hoc|iPhone
		{19C1C78E-7D57-42F5-A53F-AA83E0F02037}.AppStore|Any CPU.ActiveCfg = AppStore|iPhone
		{19C1C78E-7D57-42F5-A53F-AA83E0F02037}.AppStore|ARM.ActiveCfg = AppStore|iPhone
		{19C1C78E-7D57-42F5-A53F-AA83E0F02037}.AppStore|iPhone.ActiveCfg = AppStore|iPhone
		{19C1C78E-7D57-42F5-A53F-AA83E0F02037}.AppStore|iPhone.Build.0 = AppStore|iPhone
		{19C1C78E-7D57-42F5-A53F-AA83E0F02037}.AppStore|iPhoneSimulator.ActiveCfg = AppStore|iPhoneSimulator
		{19C1C78E-7D57-42F5-A53F-AA83E0F02037}.AppStore|iPhoneSimulator.Build.0 = AppStore|iPhoneSimulator
		{19C1C78E-7D57-42F5-A53F-AA83E0F02037}.AppStore|x64.ActiveCfg = AppStore|iPhone
		{19C1C78E-7D57-42F5-A53F-AA83E0F02037}.AppStore|x86.ActiveCfg = AppStore|iPhone
		{19C1C78E-7D57-42F5-A53F-AA83E0F02037}.Debug|Any CPU.ActiveCfg = Debug|iPhone
		{19C1C78E-7D57-42F5-A53F-AA83E0F02037}.Debug|ARM.ActiveCfg = Debug|iPhone
		{19C1C78E-7D57-42F5-A53F-AA83E0F02037}.Debug|iPhone.ActiveCfg = Debug|iPhone
		{19C1C78E-7D57-42F5-A53F-AA83E0F02037}.Debug|iPhone.Build.0 = Debug|iPhone
		{19C1C78E-7D57-42F5-A53F-AA83E0F02037}.Debug|iPhoneSimulator.ActiveCfg = Debug|iPhoneSimulator
		{19C1C78E-7D57-42F5-A53F-AA83E0F02037}.Debug|iPhoneSimulator.Build.0 = Debug|iPhoneSimulator
		{19C1C78E-7D57-42F5-A53F-AA83E0F02037}.Debug|x64.ActiveCfg = Debug|iPhone
		{19C1C78E-7D57-42F5-A53F-AA83E0F02037}.Debug|x86.ActiveCfg = Debug|iPhone
		{19C1C78E-7D57-42F5-A53F-AA83E0F02037}.Release|Any CPU.ActiveCfg = Release|iPhone
		{19C1C78E-7D57-42F5-A53F-AA83E0F02037}.Release|ARM.ActiveCfg = Release|iPhone
		{19C1C78E-7D57-42F5-A53F-AA83E0F02037}.Release|iPhone.ActiveCfg = Release|iPhone
		{19C1C78E-7D57-42F5-A53F-AA83E0F02037}.Release|iPhone.Build.0 = Release|iPhone
		{19C1C78E-7D57-42F5-A53F-AA83E0F02037}.Release|iPhoneSimulator.ActiveCfg = Release|iPhoneSimulator
		{19C1C78E-7D57-42F5-A53F-AA83E0F02037}.Release|iPhoneSimulator.Build.0 = Release|iPhoneSimulator
		{19C1C78E-7D57-42F5-A53F-AA83E0F02037}.Release|x64.ActiveCfg = Release|iPhone
		{19C1C78E-7D57-42F5-A53F-AA83E0F02037}.Release|x86.ActiveCfg = Release|iPhone
		{59B9C5C7-A78D-413F-B4BC-0AF278572B2E}.Ad-Hoc|Any CPU.ActiveCfg = Release|x86
		{59B9C5C7-A78D-413F-B4BC-0AF278572B2E}.Ad-Hoc|Any CPU.Build.0 = Release|x86
		{59B9C5C7-A78D-413F-B4BC-0AF278572B2E}.Ad-Hoc|Any CPU.Deploy.0 = Release|x86
		{59B9C5C7-A78D-413F-B4BC-0AF278572B2E}.Ad-Hoc|ARM.ActiveCfg = Release|ARM
		{59B9C5C7-A78D-413F-B4BC-0AF278572B2E}.Ad-Hoc|ARM.Build.0 = Release|ARM
		{59B9C5C7-A78D-413F-B4BC-0AF278572B2E}.Ad-Hoc|ARM.Deploy.0 = Release|ARM
		{59B9C5C7-A78D-413F-B4BC-0AF278572B2E}.Ad-Hoc|iPhone.ActiveCfg = Release|x86
		{59B9C5C7-A78D-413F-B4BC-0AF278572B2E}.Ad-Hoc|iPhone.Build.0 = Release|x86
		{59B9C5C7-A78D-413F-B4BC-0AF278572B2E}.Ad-Hoc|iPhone.Deploy.0 = Release|x86
		{59B9C5C7-A78D-413F-B4BC-0AF278572B2E}.Ad-Hoc|iPhoneSimulator.ActiveCfg = Release|x86
		{59B9C5C7-A78D-413F-B4BC-0AF278572B2E}.Ad-Hoc|iPhoneSimulator.Build.0 = Release|x86
		{59B9C5C7-A78D-413F-B4BC-0AF278572B2E}.Ad-Hoc|iPhoneSimulator.Deploy.0 = Release|x86
		{59B9C5C7-A78D-413F-B4BC-0AF278572B2E}.Ad-Hoc|x64.ActiveCfg = Release|x64
		{59B9C5C7-A78D-413F-B4BC-0AF278572B2E}.Ad-Hoc|x64.Build.0 = Release|x64
		{59B9C5C7-A78D-413F-B4BC-0AF278572B2E}.Ad-Hoc|x64.Deploy.0 = Release|x64
		{59B9C5C7-A78D-413F-B4BC-0AF278572B2E}.Ad-Hoc|x86.ActiveCfg = Release|x86
		{59B9C5C7-A78D-413F-B4BC-0AF278572B2E}.Ad-Hoc|x86.Build.0 = Release|x86
		{59B9C5C7-A78D-413F-B4BC-0AF278572B2E}.Ad-Hoc|x86.Deploy.0 = Release|x86
		{59B9C5C7-A78D-413F-B4BC-0AF278572B2E}.AppStore|Any CPU.ActiveCfg = Release|x86
		{59B9C5C7-A78D-413F-B4BC-0AF278572B2E}.AppStore|Any CPU.Build.0 = Release|x86
		{59B9C5C7-A78D-413F-B4BC-0AF278572B2E}.AppStore|Any CPU.Deploy.0 = Release|x86
		{59B9C5C7-A78D-413F-B4BC-0AF278572B2E}.AppStore|ARM.ActiveCfg = Release|ARM
		{59B9C5C7-A78D-413F-B4BC-0AF278572B2E}.AppStore|ARM.Build.0 = Release|ARM
		{59B9C5C7-A78D-413F-B4BC-0AF278572B2E}.AppStore|ARM.Deploy.0 = Release|ARM
		{59B9C5C7-A78D-413F-B4BC-0AF278572B2E}.AppStore|iPhone.ActiveCfg = Release|x86
		{59B9C5C7-A78D-413F-B4BC-0AF278572B2E}.AppStore|iPhone.Build.0 = Release|x86
		{59B9C5C7-A78D-413F-B4BC-0AF278572B2E}.AppStore|iPhone.Deploy.0 = Release|x86
		{59B9C5C7-A78D-413F-B4BC-0AF278572B2E}.AppStore|iPhoneSimulator.ActiveCfg = Release|x86
		{59B9C5C7-A78D-413F-B4BC-0AF278572B2E}.AppStore|iPhoneSimulator.Build.0 = Release|x86
		{59B9C5C7-A78D-413F-B4BC-0AF278572B2E}.AppStore|iPhoneSimulator.Deploy.0 = Release|x86
		{59B9C5C7-A78D-413F-B4BC-0AF278572B2E}.AppStore|x64.ActiveCfg = Release|x64
		{59B9C5C7-A78D-413F-B4BC-0AF278572B2E}.AppStore|x64.Build.0 = Release|x64
		{59B9C5C7-A78D-413F-B4BC-0AF278572B2E}.AppStore|x64.Deploy.0 = Release|x64
		{59B9C5C7-A78D-413F-B4BC-0AF278572B2E}.AppStore|x86.ActiveCfg = Release|x86
		{59B9C5C7-A78D-413F-B4BC-0AF278572B2E}.AppStore|x86.Build.0 = Release|x86
		{59B9C5C7-A78D-413F-B4BC-0AF278572B2E}.AppStore|x86.Deploy.0 = Release|x86
		{59B9C5C7-A78D-413F-B4BC-0AF278572B2E}.Debug|Any CPU.ActiveCfg = Debug|x86
		{59B9C5C7-A78D-413F-B4BC-0AF278572B2E}.Debug|ARM.ActiveCfg = Debug|ARM
		{59B9C5C7-A78D-413F-B4BC-0AF278572B2E}.Debug|ARM.Build.0 = Debug|ARM
		{59B9C5C7-A78D-413F-B4BC-0AF278572B2E}.Debug|ARM.Deploy.0 = Debug|ARM
		{59B9C5C7-A78D-413F-B4BC-0AF278572B2E}.Debug|iPhone.ActiveCfg = Debug|x86
		{59B9C5C7-A78D-413F-B4BC-0AF278572B2E}.Debug|iPhoneSimulator.ActiveCfg = Debug|x86
		{59B9C5C7-A78D-413F-B4BC-0AF278572B2E}.Debug|x64.ActiveCfg = Debug|x64
		{59B9C5C7-A78D-413F-B4BC-0AF278572B2E}.Debug|x64.Build.0 = Debug|x64
		{59B9C5C7-A78D-413F-B4BC-0AF278572B2E}.Debug|x64.Deploy.0 = Debug|x64
		{59B9C5C7-A78D-413F-B4BC-0AF278572B2E}.Debug|x86.ActiveCfg = Debug|x86
		{59B9C5C7-A78D-413F-B4BC-0AF278572B2E}.Debug|x86.Build.0 = Debug|x86
		{59B9C5C7-A78D-413F-B4BC-0AF278572B2E}.Debug|x86.Deploy.0 = Debug|x86
		{59B9C5C7-A78D-413F-B4BC-0AF278572B2E}.Release|Any CPU.ActiveCfg = Release|x86
		{59B9C5C7-A78D-413F-B4BC-0AF278572B2E}.Release|ARM.ActiveCfg = Release|ARM
		{59B9C5C7-A78D-413F-B4BC-0AF278572B2E}.Release|ARM.Build.0 = Release|ARM
		{59B9C5C7-A78D-413F-B4BC-0AF278572B2E}.Release|ARM.Deploy.0 = Release|ARM
		{59B9C5C7-A78D-413F-B4BC-0AF278572B2E}.Release|iPhone.ActiveCfg = Release|x86
		{59B9C5C7-A78D-413F-B4BC-0AF278572B2E}.Release|iPhoneSimulator.ActiveCfg = Release|x86
		{59B9C5C7-A78D-413F-B4BC-0AF278572B2E}.Release|x64.ActiveCfg = Release|x64
		{59B9C5C7-A78D-413F-B4BC-0AF278572B2E}.Release|x64.Build.0 = Release|x64
		{59B9C5C7-A78D-413F-B4BC-0AF278572B2E}.Release|x64.Deploy.0 = Release|x64
		{59B9C5C7-A78D-413F-B4BC-0AF278572B2E}.Release|x86.ActiveCfg = Release|x86
		{59B9C5C7-A78D-413F-B4BC-0AF278572B2E}.Release|x86.Build.0 = Release|x86
		{59B9C5C7-A78D-413F-B4BC-0AF278572B2E}.Release|x86.Deploy.0 = Release|x86
	EndGlobalSection
	GlobalSection(SolutionProperties) = preSolution
		HideSolutionNode = FALSE
	EndGlobalSection
	GlobalSection(ExtensibilityGlobals) = postSolution
		SolutionGuid = {14B301FD-4DAB-4D87-B316-3CED9EC72767}
	EndGlobalSection
EndGlobal
